{
  "lockfileVersion": 1,
  "workspaces": {
    "": {
      "name": "chat-api",
      "dependencies": {
        "@ai-sdk/anthropic": "^2.0.17",
        "@ai-sdk/google": "^2.0.15",
        "@ai-sdk/openai": "^3.0.0-beta.32",
        "@hono/standard-validator": "^0.1.5",
        "@scalar/hono-api-reference": "^0.9.18",
        "ai": "^6.0.0-beta.61",
        "hono": "^4.9.7",
        "hono-openapi": "^1.0.8",
        "hono-pino": "^0.10.2",
        "json-bigint": "^1.0.0",
        "p-limit": "^7.1.1",
        "pino": "^9.12.0",
        "pino-http": "^10.5.0",
        "tiny-invariant": "^1.3.3",
        "zod": "^4.1.9",
      },
      "devDependencies": {
        "@biomejs/biome": "2.2.4",
        "@types/bun": "latest",
        "@types/json-bigint": "^1.0.4",
      },
    },
  },
  "packages": {
    "@ai-sdk/anthropic": ["@ai-sdk/anthropic@2.0.35", "", { "dependencies": { "@ai-sdk/provider": "2.0.0", "@ai-sdk/provider-utils": "3.0.12" }, "peerDependencies": { "zod": "^3.25.76 || ^4.1.8" } }, "sha512-R0HtYqnKhxH67qpfKJwPCzRJLeW6M/adFM0E4YyF2+m80UvaigmiVwEODcODHEhsA3hQdf1hLNXzq4AEbkz8xw=="],

    "@ai-sdk/gateway": ["@ai-sdk/gateway@2.0.0-beta.36", "", { "dependencies": { "@ai-sdk/provider": "3.0.0-beta.8", "@ai-sdk/provider-utils": "4.0.0-beta.20", "@vercel/oidc": "3.0.3" }, "peerDependencies": { "zod": "^3.25.76 || ^4.1.8" } }, "sha512-OofYzqJ8tSrE2L6aU7Zy7Yg5ywcwAv68kqOM6oA5m6HIgc4GtvOdPWTfufvijv6haMnD5B2lt/TZBbgGG0o9tA=="],

    "@ai-sdk/google": ["@ai-sdk/google@2.0.23", "", { "dependencies": { "@ai-sdk/provider": "2.0.0", "@ai-sdk/provider-utils": "3.0.12" }, "peerDependencies": { "zod": "^3.25.76 || ^4.1.8" } }, "sha512-VbCnKR+6aWUVLkAiSW5gUEtST7KueEmlt+d6qwDikxlLnFG9pzy59je8MiDVeM5G2tuSXbvZQF78PGIfXDBmow=="],

    "@ai-sdk/openai": ["@ai-sdk/openai@3.0.0-beta.34", "", { "dependencies": { "@ai-sdk/provider": "3.0.0-beta.8", "@ai-sdk/provider-utils": "4.0.0-beta.20" }, "peerDependencies": { "zod": "^3.25.76 || ^4.1.8" } }, "sha512-qHzf4r0nxLaPeCNjOy24Wr8AG8OgngaRI7ymgn7FpVJX8Z26vsHgdvhrz4QKmSGZl5Ek6hP13XU8ykKc1wQ41w=="],

    "@ai-sdk/provider": ["@ai-sdk/provider@2.0.0", "", { "dependencies": { "json-schema": "^0.4.0" } }, "sha512-6o7Y2SeO9vFKB8lArHXehNuusnpddKPk7xqL7T2/b+OvXMRIXUO1rR4wcv1hAFUAT9avGZshty3Wlua/XA7TvA=="],

    "@ai-sdk/provider-utils": ["@ai-sdk/provider-utils@3.0.12", "", { "dependencies": { "@ai-sdk/provider": "2.0.0", "@standard-schema/spec": "^1.0.0", "eventsource-parser": "^3.0.5" }, "peerDependencies": { "zod": "^3.25.76 || ^4.1.8" } }, "sha512-ZtbdvYxdMoria+2SlNarEk6Hlgyf+zzcznlD55EAl+7VZvJaSg2sqPvwArY7L6TfDEDJsnCq0fdhBSkYo0Xqdg=="],

    "@biomejs/biome": ["@biomejs/biome@2.2.4", "", { "optionalDependencies": { "@biomejs/cli-darwin-arm64": "2.2.4", "@biomejs/cli-darwin-x64": "2.2.4", "@biomejs/cli-linux-arm64": "2.2.4", "@biomejs/cli-linux-arm64-musl": "2.2.4", "@biomejs/cli-linux-x64": "2.2.4", "@biomejs/cli-linux-x64-musl": "2.2.4", "@biomejs/cli-win32-arm64": "2.2.4", "@biomejs/cli-win32-x64": "2.2.4" }, "bin": { "biome": "bin/biome" } }, "sha512-TBHU5bUy/Ok6m8c0y3pZiuO/BZoY/OcGxoLlrfQof5s8ISVwbVBdFINPQZyFfKwil8XibYWb7JMwnT8wT4WVPg=="],

    "@biomejs/cli-darwin-arm64": ["@biomejs/cli-darwin-arm64@2.2.4", "", { "os": "darwin", "cpu": "arm64" }, "sha512-RJe2uiyaloN4hne4d2+qVj3d3gFJFbmrr5PYtkkjei1O9c+BjGXgpUPVbi8Pl8syumhzJjFsSIYkcLt2VlVLMA=="],

    "@biomejs/cli-darwin-x64": ["@biomejs/cli-darwin-x64@2.2.4", "", { "os": "darwin", "cpu": "x64" }, "sha512-cFsdB4ePanVWfTnPVaUX+yr8qV8ifxjBKMkZwN7gKb20qXPxd/PmwqUH8mY5wnM9+U0QwM76CxFyBRJhC9tQwg=="],

    "@biomejs/cli-linux-arm64": ["@biomejs/cli-linux-arm64@2.2.4", "", { "os": "linux", "cpu": "arm64" }, "sha512-M/Iz48p4NAzMXOuH+tsn5BvG/Jb07KOMTdSVwJpicmhN309BeEyRyQX+n1XDF0JVSlu28+hiTQ2L4rZPvu7nMw=="],

    "@biomejs/cli-linux-arm64-musl": ["@biomejs/cli-linux-arm64-musl@2.2.4", "", { "os": "linux", "cpu": "arm64" }, "sha512-7TNPkMQEWfjvJDaZRSkDCPT/2r5ESFPKx+TEev+I2BXDGIjfCZk2+b88FOhnJNHtksbOZv8ZWnxrA5gyTYhSsQ=="],

    "@biomejs/cli-linux-x64": ["@biomejs/cli-linux-x64@2.2.4", "", { "os": "linux", "cpu": "x64" }, "sha512-orr3nnf2Dpb2ssl6aihQtvcKtLySLta4E2UcXdp7+RTa7mfJjBgIsbS0B9GC8gVu0hjOu021aU8b3/I1tn+pVQ=="],

    "@biomejs/cli-linux-x64-musl": ["@biomejs/cli-linux-x64-musl@2.2.4", "", { "os": "linux", "cpu": "x64" }, "sha512-m41nFDS0ksXK2gwXL6W6yZTYPMH0LughqbsxInSKetoH6morVj43szqKx79Iudkp8WRT5SxSh7qVb8KCUiewGg=="],

    "@biomejs/cli-win32-arm64": ["@biomejs/cli-win32-arm64@2.2.4", "", { "os": "win32", "cpu": "arm64" }, "sha512-NXnfTeKHDFUWfxAefa57DiGmu9VyKi0cDqFpdI+1hJWQjGJhJutHPX0b5m+eXvTKOaf+brU+P0JrQAZMb5yYaQ=="],

    "@biomejs/cli-win32-x64": ["@biomejs/cli-win32-x64@2.2.4", "", { "os": "win32", "cpu": "x64" }, "sha512-3Y4V4zVRarVh/B/eSHczR4LYoSVyv3Dfuvm3cWs5w/HScccS0+Wt/lHOcDTRYeHjQmMYVC3rIRWqyN2EI52+zg=="],

    "@hono/standard-validator": ["@hono/standard-validator@0.1.5", "", { "peerDependencies": { "@standard-schema/spec": "1.0.0", "hono": ">=3.9.0" } }, "sha512-EIyZPPwkyLn6XKwFj5NBEWHXhXbgmnVh2ceIFo5GO7gKI9WmzTjPDKnppQB0KrqKeAkq3kpoW4SIbu5X1dgx3w=="],

    "@opentelemetry/api": ["@opentelemetry/api@1.9.0", "", {}, "sha512-3giAOQvZiH5F9bMlMiv8+GSPMeqg0dbaeo58/0SlA9sxSqZhnUtxzX9/2FzyhS9sWQf5S0GJE0AKBrFqjpeYcg=="],

    "@pinojs/redact": ["@pinojs/redact@0.4.0", "", {}, "sha512-k2ENnmBugE/rzQfEcdWHcCY+/FM3VLzH9cYEsbdsoqrvzAKRhUZeRNhAZvB8OitQJ1TBed3yqWtdjzS6wJKBwg=="],

    "@scalar/core": ["@scalar/core@0.3.20", "", { "dependencies": { "@scalar/types": "0.3.2" } }, "sha512-bIlrePx41pSvjDcaJPa9YVVhbSm0N9SKQm2Fzl489S0bUVToyXIQtMFVR4i+BmXGjOcATm/66ELW4vdXRjHoRA=="],

    "@scalar/hono-api-reference": ["@scalar/hono-api-reference@0.9.22", "", { "dependencies": { "@scalar/core": "0.3.20" }, "peerDependencies": { "hono": "^4.0.0" } }, "sha512-utIz4F6YZj3QU/9HK4P1wIcHY8ceMbL7w+VahFbnmZbE3Gy+haaaHfhZOs2nAfdx1cKOhkm11/inZTtw8+I2bw=="],

    "@scalar/openapi-types": ["@scalar/openapi-types@0.5.0", "", { "dependencies": { "zod": "4.1.11" } }, "sha512-HJBcLa+/mPP+3TCcQngj/iW5UqynRosOQdEETXjmdy6Ngw8wBjwIcT6C86J5jufJ6sI8++HYnt+e7pAvp5FO6A=="],

    "@scalar/types": ["@scalar/types@0.3.2", "", { "dependencies": { "@scalar/openapi-types": "0.5.0", "nanoid": "5.1.5", "type-fest": "5.0.0", "zod": "4.1.11" } }, "sha512-+X10CCvG57nAqYbTGteiSzRFQcMYm7DLfCRMeEfiWQ9Bq2ladat17XsMSvkvwcfpOSlsoepWf3P5dErERUSOQQ=="],

    "@standard-community/standard-json": ["@standard-community/standard-json@0.3.3", "", { "peerDependencies": { "@standard-schema/spec": "^1.0.0", "@types/json-schema": "^7.0.15", "@valibot/to-json-schema": "^1.3.0", "arktype": "^2.1.20", "effect": "^3.16.8", "quansync": "^0.2.11", "valibot": "^1.1.0", "zod": "^3.25.0 || ^4.0.0", "zod-to-json-schema": "^3.24.5" }, "optionalPeers": ["@valibot/to-json-schema", "arktype", "effect", "valibot", "zod", "zod-to-json-schema"] }, "sha512-oIdzYrYFe5hUxcAgnNcDuaP59dn1LRPHVv16ZNIONPF2OF9r5O8zGGhBHfrNEmldLcljmDBTnGz1gwmaK0iczQ=="],

    "@standard-community/standard-openapi": ["@standard-community/standard-openapi@0.2.4", "", { "peerDependencies": { "@standard-community/standard-json": "^0.3.1", "@standard-schema/spec": "^1.0.0", "arktype": "^2.1.20", "openapi-types": "^12.1.3", "valibot": "^1.1.0", "zod": "^3.25.0 || ^4.0.0", "zod-openapi": "^4" }, "optionalPeers": ["arktype", "valibot", "zod", "zod-openapi"] }, "sha512-guPU+9Y+Y9JN0gpBQbZMlIYzRSaRyTe7f+g6JCV3d0rrMQ5JFngLQKRyg3MP07xIts8nGim167Y9ePfdlkJp0Q=="],

    "@standard-schema/spec": ["@standard-schema/spec@1.0.0", "", {}, "sha512-m2bOd0f2RT9k8QJx1JN85cZYyH1RqFBdlwtkSlf4tBDYLCiiZnv1fIIwacK6cqwXavOydf0NPToMQgpKq+dVlA=="],

    "@types/bun": ["@types/bun@1.3.0", "", { "dependencies": { "bun-types": "1.3.0" } }, "sha512-+lAGCYjXjip2qY375xX/scJeVRmZ5cY0wyHYyCYxNcdEXrQ4AOe3gACgd4iQ8ksOslJtW4VNxBJ8llUwc3a6AA=="],

    "@types/json-bigint": ["@types/json-bigint@1.0.4", "", {}, "sha512-ydHooXLbOmxBbubnA7Eh+RpBzuaIiQjh8WGJYQB50JFGFrdxW7JzVlyEV7fAXw0T2sqJ1ysTneJbiyNLqZRAag=="],

    "@types/json-schema": ["@types/json-schema@7.0.15", "", {}, "sha512-5+fP8P8MFNC+AyZCDxrB2pkZFPGzqQWUzpSeuuVLvm8VMcorNYavBqoFcxK8bQz4Qsbn4oUEEem4wDLfcysGHA=="],

    "@types/node": ["@types/node@24.5.1", "", { "dependencies": { "undici-types": "~7.12.0" } }, "sha512-/SQdmUP2xa+1rdx7VwB9yPq8PaKej8TD5cQ+XfKDPWWC+VDJU4rvVVagXqKUzhKjtFoNA8rXDJAkCxQPAe00+Q=="],

    "@types/react": ["@types/react@19.1.13", "", { "dependencies": { "csstype": "^3.0.2" } }, "sha512-hHkbU/eoO3EG5/MZkuFSKmYqPbSVk5byPFa3e7y/8TybHiLMACgI8seVYlicwk7H5K/rI2px9xrQp/C+AUDTiQ=="],

    "@vercel/oidc": ["@vercel/oidc@3.0.3", "", {}, "sha512-yNEQvPcVrK9sIe637+I0jD6leluPxzwJKx/Haw6F4H77CdDsszUn5V3o96LPziXkSNE2B83+Z3mjqGKBK/R6Gg=="],

    "ai": ["ai@6.0.0-beta.66", "", { "dependencies": { "@ai-sdk/gateway": "2.0.0-beta.36", "@ai-sdk/provider": "3.0.0-beta.8", "@ai-sdk/provider-utils": "4.0.0-beta.20", "@opentelemetry/api": "1.9.0" }, "peerDependencies": { "zod": "^3.25.76 || ^4.1.8" } }, "sha512-LK4Xmc/JG7hj+OHdsFFmhSeQczKHwS/3LlFr6ov5S8NSjitlDHBXc+Xae/Aoy4txfTC5B8oWkU2IcKlSnLjZqw=="],

    "atomic-sleep": ["atomic-sleep@1.0.0", "", {}, "sha512-kNOjDqAh7px0XWNI+4QbzoiR/nTkHAWNud2uvnJquD1/x5a7EQZMJT0AczqK0Qn67oY/TTQ1LbUKajZpp3I9tQ=="],

    "bignumber.js": ["bignumber.js@9.3.1", "", {}, "sha512-Ko0uX15oIUS7wJ3Rb30Fs6SkVbLmPBAKdlm7q9+ak9bbIeFf0MwuBsQV6z7+X768/cHsfg+WlysDWJcmthjsjQ=="],

    "bun-types": ["bun-types@1.3.0", "", { "dependencies": { "@types/node": "*" }, "peerDependencies": { "@types/react": "^19" } }, "sha512-u8X0thhx+yJ0KmkxuEo9HAtdfgCBaM/aI9K90VQcQioAmkVp3SG3FkwWGibUFz3WdXAdcsqOcbU40lK7tbHdkQ=="],

    "csstype": ["csstype@3.1.3", "", {}, "sha512-M1uQkMl8rQK/szD0LNhtqxIPLpimGm8sOBwU7lLnCpSbTyY3yeU1Vc7l4KT5zT4s/yOxHH5O7tIuuLOCnLADRw=="],

    "defu": ["defu@6.1.4", "", {}, "sha512-mEQCMmwJu317oSz8CwdIOdwf3xMif1ttiM8LTufzc3g6kR+9Pe236twL8j3IYT1F7GfRgGcW6MWxzZjLIkuHIg=="],

    "eventsource-parser": ["eventsource-parser@3.0.6", "", {}, "sha512-Vo1ab+QXPzZ4tCa8SwIHJFaSzy4R6SHf7BY79rFBDf0idraZWAkYrDjDj8uWaSm3S2TK+hJ7/t1CEmZ7jXw+pg=="],

    "fast-redact": ["fast-redact@3.5.0", "", {}, "sha512-dwsoQlS7h9hMeYUq1W++23NDcBLV4KqONnITDV9DjfS3q1SgDGVrBdvvTLUotWtPSD7asWDV9/CmsZPy8Hf70A=="],

    "get-caller-file": ["get-caller-file@2.0.5", "", {}, "sha512-DyFP3BM/3YHTQOCUL/w0OZHR0lpKeGrxotcHWcqNEdnltqFwXVfhEBQ94eIo34AfQpo0rGki4cyIiftY06h2Fg=="],

    "hono": ["hono@4.10.1", "", {}, "sha512-rpGNOfacO4WEPClfkEt1yfl8cbu10uB1lNpiI33AKoiAHwOS8lV748JiLx4b5ozO/u4qLjIvfpFsPXdY5Qjkmg=="],

    "hono-openapi": ["hono-openapi@1.1.0", "", { "peerDependencies": { "@hono/standard-validator": "^0.1.2", "@standard-community/standard-json": "^0.3.5", "@standard-community/standard-openapi": "^0.2.8", "@types/json-schema": "^7.0.15", "hono": "^4.8.3", "openapi-types": "^12.1.3" }, "optionalPeers": ["@hono/standard-validator", "hono"] }, "sha512-eA5hN8D2O30EkPPUxWFilcZcThAe81TShbH38Y183ZZp8WkgMh4BrPEDeZ/EFN2tyDi3cmTgKTa3+oStyJX0UA=="],

    "hono-pino": ["hono-pino@0.10.3", "", { "dependencies": { "defu": "^6.1.4" }, "peerDependencies": { "hono": ">=4.0.0", "pino": ">=7.1.0" } }, "sha512-n0RNPIFOoq25Fg8b4D5gus4sVqI0z+8I17ibl96+p43d07UnZ0EMM/It0qSgfc7UtaC+XP5FkFmRHwBp6owsNA=="],

    "json-bigint": ["json-bigint@1.0.0", "", { "dependencies": { "bignumber.js": "^9.0.0" } }, "sha512-SiPv/8VpZuWbvLSMtTDU8hEfrZWg/mH/nV/b4o0CYbSxu1UIQPLdwKOCIyLQX+VIPO5vrLX3i8qtqFyhdPSUSQ=="],

    "json-schema": ["json-schema@0.4.0", "", {}, "sha512-es94M3nTIfsEPisRafak+HDLfHXnKBhV3vU5eqPcS3flIWqcxJWgXHXiey3YrpaNsanY5ei1VoYEbOzijuq9BA=="],

    "nanoid": ["nanoid@5.1.5", "", { "bin": { "nanoid": "bin/nanoid.js" } }, "sha512-Ir/+ZpE9fDsNH0hQ3C68uyThDXzYcim2EqcZ8zn8Chtt1iylPT9xXJB0kPCnqzgcEGikO9RxSrh63MsmVCU7Fw=="],

    "on-exit-leak-free": ["on-exit-leak-free@2.1.2", "", {}, "sha512-0eJJY6hXLGf1udHwfNftBqH+g73EU4B504nZeKpz1sYRKafAghwxEJunB2O7rDZkL4PGfsMVnTXZ2EjibbqcsA=="],

    "openapi-types": ["openapi-types@12.1.3", "", {}, "sha512-N4YtSYJqghVu4iek2ZUvcN/0aqH1kRDuNqzcycDxhOUpg7GdvLa2F3DgS6yBNhInhv2r/6I0Flkn7CqL8+nIcw=="],

    "p-limit": ["p-limit@7.2.0", "", { "dependencies": { "yocto-queue": "^1.2.1" } }, "sha512-ATHLtwoTNDloHRFFxFJdHnG6n2WUeFjaR8XQMFdKIv0xkXjrER8/iG9iu265jOM95zXHAfv9oTkqhrfbIzosrQ=="],

    "pino": ["pino@9.14.0", "", { "dependencies": { "@pinojs/redact": "^0.4.0", "atomic-sleep": "^1.0.0", "on-exit-leak-free": "^2.1.0", "pino-abstract-transport": "^2.0.0", "pino-std-serializers": "^7.0.0", "process-warning": "^5.0.0", "quick-format-unescaped": "^4.0.3", "real-require": "^0.2.0", "safe-stable-stringify": "^2.3.1", "sonic-boom": "^4.0.1", "thread-stream": "^3.0.0" }, "bin": { "pino": "bin.js" } }, "sha512-8OEwKp5juEvb/MjpIc4hjqfgCNysrS94RIOMXYvpYCdm/jglrKEiAYmiumbmGhCvs+IcInsphYDFwqrjr7398w=="],

    "pino-abstract-transport": ["pino-abstract-transport@2.0.0", "", { "dependencies": { "split2": "^4.0.0" } }, "sha512-F63x5tizV6WCh4R6RHyi2Ml+M70DNRXt/+HANowMflpgGFMAym/VKm6G7ZOQRjqN7XbGxK1Lg9t6ZrtzOaivMw=="],

    "pino-http": ["pino-http@10.5.0", "", { "dependencies": { "get-caller-file": "^2.0.5", "pino": "^9.0.0", "pino-std-serializers": "^7.0.0", "process-warning": "^5.0.0" } }, "sha512-hD91XjgaKkSsdn8P7LaebrNzhGTdB086W3pyPihX0EzGPjq5uBJBXo4N5guqNaK6mUjg9aubMF7wDViYek9dRA=="],

    "pino-std-serializers": ["pino-std-serializers@7.0.0", "", {}, "sha512-e906FRY0+tV27iq4juKzSYPbUj2do2X2JX4EzSca1631EB2QJQUqGbDuERal7LCtOpxl6x3+nvo9NPZcmjkiFA=="],

    "process-warning": ["process-warning@5.0.0", "", {}, "sha512-a39t9ApHNx2L4+HBnQKqxxHNs1r7KF+Intd8Q/g1bUh6q0WIp9voPXJ/x0j+ZL45KF1pJd9+q2jLIRMfvEshkA=="],

    "quansync": ["quansync@0.2.11", "", {}, "sha512-AifT7QEbW9Nri4tAwR5M/uzpBuqfZf+zwaEM/QkzEjj7NBuFD2rBuy0K3dE+8wltbezDV7JMA0WfnCPYRSYbXA=="],

    "quick-format-unescaped": ["quick-format-unescaped@4.0.4", "", {}, "sha512-tYC1Q1hgyRuHgloV/YXs2w15unPVh8qfu/qCTfhTYamaw7fyhumKa2yGpdSo87vY32rIclj+4fWYQXUMs9EHvg=="],

    "real-require": ["real-require@0.2.0", "", {}, "sha512-57frrGM/OCTLqLOAh0mhVA9VBMHd+9U7Zb2THMGdBUoZVOtGbJzjxsYGDJ3A9AYYCP4hn6y1TVbaOfzWtm5GFg=="],

    "safe-stable-stringify": ["safe-stable-stringify@2.5.0", "", {}, "sha512-b3rppTKm9T+PsVCBEOUR46GWI7fdOs00VKZ1+9c1EWDaDMvjQc6tUwuFyIprgGgTcWoVHSKrU8H31ZHA2e0RHA=="],

    "sonic-boom": ["sonic-boom@4.2.0", "", { "dependencies": { "atomic-sleep": "^1.0.0" } }, "sha512-INb7TM37/mAcsGmc9hyyI6+QR3rR1zVRu36B0NeGXKnOOLiZOfER5SA+N7X7k3yUYRzLWafduTDvJAfDswwEww=="],

    "split2": ["split2@4.2.0", "", {}, "sha512-UcjcJOWknrNkF6PLX83qcHM6KHgVKNkV62Y8a5uYDVv9ydGQVwAHMKqHdJje1VTWpljG0WYpCDhrCdAOYH4TWg=="],

    "tagged-tag": ["tagged-tag@1.0.0", "", {}, "sha512-yEFYrVhod+hdNyx7g5Bnkkb0G6si8HJurOoOEgC8B/O0uXLHlaey/65KRv6cuWBNhBgHKAROVpc7QyYqE5gFng=="],

    "thread-stream": ["thread-stream@3.1.0", "", { "dependencies": { "real-require": "^0.2.0" } }, "sha512-OqyPZ9u96VohAyMfJykzmivOrY2wfMSf3C5TtFJVgN+Hm6aj+voFhlK+kZEIv2FBh1X6Xp3DlnCOfEQ3B2J86A=="],

    "tiny-invariant": ["tiny-invariant@1.3.3", "", {}, "sha512-+FbBPE1o9QAYvviau/qC5SE3caw21q3xkvWKBtja5vgqOWIHHJ3ioaq1VPfn/Szqctz2bU/oYeKd9/z5BL+PVg=="],

    "type-fest": ["type-fest@5.0.0", "", { "dependencies": { "tagged-tag": "^1.0.0" } }, "sha512-GeJop7+u7BYlQ6yQCAY1nBQiRSHR+6OdCEtd8Bwp9a3NK3+fWAVjOaPKJDteB9f6cIJ0wt4IfnScjLG450EpXA=="],

    "undici-types": ["undici-types@7.12.0", "", {}, "sha512-goOacqME2GYyOZZfb5Lgtu+1IDmAlAEu5xnD3+xTzS10hT0vzpf0SPjkXwAw9Jm+4n/mQGDP3LO8CPbYROeBfQ=="],

    "yocto-queue": ["yocto-queue@1.2.1", "", {}, "sha512-AyeEbWOu/TAXdxlV9wmGcR0+yh2j3vYPGOECcIj2S7MkrLyC7ne+oye2BKTItt0ii2PHk4cDy+95+LshzbXnGg=="],

    "zod": ["zod@4.1.12", "", {}, "sha512-JInaHOamG8pt5+Ey8kGmdcAcg3OL9reK8ltczgHTAwNhMys/6ThXHityHxVV2p3fkw/c+MAvBHFVYHFZDmjMCQ=="],

    "zod-to-json-schema": ["zod-to-json-schema@3.24.6", "", { "peerDependencies": { "zod": "^3.24.1" } }, "sha512-h/z3PKvcTcTetyjl1fkj79MHNEjm+HpD6NXheWjzOekY7kV+lwDYnHw+ivHkijnCSMz1yJaWBD9vu/Fcmk+vEg=="],

    "@ai-sdk/gateway/@ai-sdk/provider": ["@ai-sdk/provider@3.0.0-beta.8", "", { "dependencies": { "json-schema": "^0.4.0" } }, "sha512-DECiv2zheg6uSBk85bZAo3egIKaMwp/mdbOY/g7ndNCkVc2l2b6m98Std7Xu6Bs128eAWPsE630ilKGQ9uZcLA=="],

    "@ai-sdk/gateway/@ai-sdk/provider-utils": ["@ai-sdk/provider-utils@4.0.0-beta.20", "", { "dependencies": { "@ai-sdk/provider": "3.0.0-beta.8", "@standard-schema/spec": "^1.0.0", "eventsource-parser": "^3.0.5" }, "peerDependencies": { "@valibot/to-json-schema": "^1.3.0", "arktype": "^2.1.22", "effect": "^3.18.4", "zod": "^3.25.76 || ^4.1.8" }, "optionalPeers": ["@valibot/to-json-schema", "arktype", "effect"] }, "sha512-5tfooQSLjpTFAHrH3AH/bduGtgqwxG+DN3Zz4yTtprThSoGMGgiYgWWqVyu0BaaR+HGwyi3KTja+WXXaJnr1uQ=="],

    "@ai-sdk/openai/@ai-sdk/provider": ["@ai-sdk/provider@3.0.0-beta.8", "", { "dependencies": { "json-schema": "^0.4.0" } }, "sha512-DECiv2zheg6uSBk85bZAo3egIKaMwp/mdbOY/g7ndNCkVc2l2b6m98Std7Xu6Bs128eAWPsE630ilKGQ9uZcLA=="],

    "@ai-sdk/openai/@ai-sdk/provider-utils": ["@ai-sdk/provider-utils@4.0.0-beta.20", "", { "dependencies": { "@ai-sdk/provider": "3.0.0-beta.8", "@standard-schema/spec": "^1.0.0", "eventsource-parser": "^3.0.5" }, "peerDependencies": { "@valibot/to-json-schema": "^1.3.0", "arktype": "^2.1.22", "effect": "^3.18.4", "zod": "^3.25.76 || ^4.1.8" }, "optionalPeers": ["@valibot/to-json-schema", "arktype", "effect"] }, "sha512-5tfooQSLjpTFAHrH3AH/bduGtgqwxG+DN3Zz4yTtprThSoGMGgiYgWWqVyu0BaaR+HGwyi3KTja+WXXaJnr1uQ=="],

    "@scalar/openapi-types/zod": ["zod@4.1.11", "", {}, "sha512-WPsqwxITS2tzx1bzhIKsEs19ABD5vmCVa4xBo2tq/SrV4RNZtfws1EnCWQXM6yh8bD08a1idvkB5MZSBiZsjwg=="],

    "@scalar/types/zod": ["zod@4.1.11", "", {}, "sha512-WPsqwxITS2tzx1bzhIKsEs19ABD5vmCVa4xBo2tq/SrV4RNZtfws1EnCWQXM6yh8bD08a1idvkB5MZSBiZsjwg=="],

    "ai/@ai-sdk/provider": ["@ai-sdk/provider@3.0.0-beta.8", "", { "dependencies": { "json-schema": "^0.4.0" } }, "sha512-DECiv2zheg6uSBk85bZAo3egIKaMwp/mdbOY/g7ndNCkVc2l2b6m98Std7Xu6Bs128eAWPsE630ilKGQ9uZcLA=="],

    "ai/@ai-sdk/provider-utils": ["@ai-sdk/provider-utils@4.0.0-beta.20", "", { "dependencies": { "@ai-sdk/provider": "3.0.0-beta.8", "@standard-schema/spec": "^1.0.0", "eventsource-parser": "^3.0.5" }, "peerDependencies": { "@valibot/to-json-schema": "^1.3.0", "arktype": "^2.1.22", "effect": "^3.18.4", "zod": "^3.25.76 || ^4.1.8" }, "optionalPeers": ["@valibot/to-json-schema", "arktype", "effect"] }, "sha512-5tfooQSLjpTFAHrH3AH/bduGtgqwxG+DN3Zz4yTtprThSoGMGgiYgWWqVyu0BaaR+HGwyi3KTja+WXXaJnr1uQ=="],

    "pino-http/pino": ["pino@9.10.0", "", { "dependencies": { "atomic-sleep": "^1.0.0", "fast-redact": "^3.1.1", "on-exit-leak-free": "^2.1.0", "pino-abstract-transport": "^2.0.0", "pino-std-serializers": "^7.0.0", "process-warning": "^5.0.0", "quick-format-unescaped": "^4.0.3", "real-require": "^0.2.0", "safe-stable-stringify": "^2.3.1", "sonic-boom": "^4.0.1", "thread-stream": "^3.0.0" }, "bin": { "pino": "bin.js" } }, "sha512-VOFxoNnxICtxaN8S3E73pR66c5MTFC+rwRcNRyHV/bV/c90dXvJqMfjkeRFsGBDXmlUN3LccJQPqGIufnaJePA=="],
  }
}
