{
  "lockfileVersion": 1,
  "workspaces": {
    "": {
      "name": "chat-api",
      "dependencies": {
        "@ai-sdk/anthropic": "^2.0.17",
        "@ai-sdk/google": "^2.0.15",
        "@ai-sdk/openai": "^2.0.0-beta.16",
        "@aws-sdk/client-sqs": "^3.899.0",
        "@hono/standard-validator": "^0.1.5",
        "@scalar/hono-api-reference": "^0.9.18",
        "ai": "^5.0.0-beta.34",
        "hono": "^4.9.7",
        "hono-openapi": "^1.0.8",
        "hono-pino": "^0.10.2",
        "p-limit": "^7.1.1",
        "pino": "^9.12.0",
        "pino-http": "^10.5.0",
        "tiny-invariant": "^1.3.3",
        "zod": "^4.1.9",
      },
      "devDependencies": {
        "@biomejs/biome": "2.2.4",
        "@types/bun": "latest",
      },
    },
  },
  "packages": {
    "@ai-sdk/anthropic": ["@ai-sdk/anthropic@2.0.17", "", { "dependencies": { "@ai-sdk/provider": "2.0.0", "@ai-sdk/provider-utils": "3.0.9" }, "peerDependencies": { "zod": "^3.25.76 || ^4" } }, "sha512-fEmGD3H3cI4ahcrtU/ekA6xvUq9kk/IpOh2TI3wOSxqvKqpo+ztwiem5/x5R92Yenl9KRooYIefr0LNlFUR5Ow=="],

    "@ai-sdk/gateway": ["@ai-sdk/gateway@1.0.0-beta.19", "", { "dependencies": { "@ai-sdk/provider": "2.0.0-beta.2", "@ai-sdk/provider-utils": "3.0.0-beta.10" }, "peerDependencies": { "zod": "^3.25.76 || ^4" } }, "sha512-felWPMuECZRGx8xnmvH5dW3jywKTkGnw/tXN8szphGzEDr/BfxywuXijfPBG2WBUS6frPXsvSLDRdCm5W38PXA=="],

    "@ai-sdk/google": ["@ai-sdk/google@2.0.15", "", { "dependencies": { "@ai-sdk/provider": "2.0.0", "@ai-sdk/provider-utils": "3.0.9" }, "peerDependencies": { "zod": "^3.25.76 || ^4" } }, "sha512-zazHbMmpMEEc3vnPxFwwd2VtTTGQohq3FeYzn3zCpV6JSvB6iEvtq+JRWTUzYhTonVI1TVpWwqcH0S7az59/Qg=="],

    "@ai-sdk/openai": ["@ai-sdk/openai@2.0.0-beta.16", "", { "dependencies": { "@ai-sdk/provider": "2.0.0-beta.2", "@ai-sdk/provider-utils": "3.0.0-beta.10" }, "peerDependencies": { "zod": "^3.25.76 || ^4" } }, "sha512-0fG8U2b4CAxwgvEs05hQj+E8Qkf0WaQrqu/7a9AmutyNuhPtqnMdFsqKYS5t0x2Jo1/0q0lTyCbvHSh5rdHtmw=="],

    "@ai-sdk/provider": ["@ai-sdk/provider@2.0.0", "", { "dependencies": { "json-schema": "^0.4.0" } }, "sha512-6o7Y2SeO9vFKB8lArHXehNuusnpddKPk7xqL7T2/b+OvXMRIXUO1rR4wcv1hAFUAT9avGZshty3Wlua/XA7TvA=="],

    "@ai-sdk/provider-utils": ["@ai-sdk/provider-utils@3.0.9", "", { "dependencies": { "@ai-sdk/provider": "2.0.0", "@standard-schema/spec": "^1.0.0", "eventsource-parser": "^3.0.5" }, "peerDependencies": { "zod": "^3.25.76 || ^4" } }, "sha512-Pm571x5efqaI4hf9yW4KsVlDBDme8++UepZRnq+kqVBWWjgvGhQlzU8glaFq0YJEB9kkxZHbRRyVeHoV2sRYaQ=="],

    "@aws-crypto/sha256-browser": ["@aws-crypto/sha256-browser@5.2.0", "", { "dependencies": { "@aws-crypto/sha256-js": "^5.2.0", "@aws-crypto/supports-web-crypto": "^5.2.0", "@aws-crypto/util": "^5.2.0", "@aws-sdk/types": "^3.222.0", "@aws-sdk/util-locate-window": "^3.0.0", "@smithy/util-utf8": "^2.0.0", "tslib": "^2.6.2" } }, "sha512-AXfN/lGotSQwu6HNcEsIASo7kWXZ5HYWvfOmSNKDsEqC4OashTp8alTmaz+F7TC2L083SFv5RdB+qU3Vs1kZqw=="],

    "@aws-crypto/sha256-js": ["@aws-crypto/sha256-js@5.2.0", "", { "dependencies": { "@aws-crypto/util": "^5.2.0", "@aws-sdk/types": "^3.222.0", "tslib": "^2.6.2" } }, "sha512-FFQQyu7edu4ufvIZ+OadFpHHOt+eSTBaYaki44c+akjg7qZg9oOQeLlk77F6tSYqjDAFClrHJk9tMf0HdVyOvA=="],

    "@aws-crypto/supports-web-crypto": ["@aws-crypto/supports-web-crypto@5.2.0", "", { "dependencies": { "tslib": "^2.6.2" } }, "sha512-iAvUotm021kM33eCdNfwIN//F77/IADDSs58i+MDaOqFrVjZo9bAal0NK7HurRuWLLpF1iLX7gbWrjHjeo+YFg=="],

    "@aws-crypto/util": ["@aws-crypto/util@5.2.0", "", { "dependencies": { "@aws-sdk/types": "^3.222.0", "@smithy/util-utf8": "^2.0.0", "tslib": "^2.6.2" } }, "sha512-4RkU9EsI6ZpBve5fseQlGNUWKMa1RLPQ1dnjnQoe07ldfIzcsGb5hC5W0Dm7u423KWzawlrpbjXBrXCEv9zazQ=="],

    "@aws-sdk/client-sqs": ["@aws-sdk/client-sqs@3.899.0", "", { "dependencies": { "@aws-crypto/sha256-browser": "5.2.0", "@aws-crypto/sha256-js": "5.2.0", "@aws-sdk/core": "3.899.0", "@aws-sdk/credential-provider-node": "3.899.0", "@aws-sdk/middleware-host-header": "3.893.0", "@aws-sdk/middleware-logger": "3.893.0", "@aws-sdk/middleware-recursion-detection": "3.893.0", "@aws-sdk/middleware-sdk-sqs": "3.899.0", "@aws-sdk/middleware-user-agent": "3.899.0", "@aws-sdk/region-config-resolver": "3.893.0", "@aws-sdk/types": "3.893.0", "@aws-sdk/util-endpoints": "3.895.0", "@aws-sdk/util-user-agent-browser": "3.893.0", "@aws-sdk/util-user-agent-node": "3.899.0", "@smithy/config-resolver": "^4.2.2", "@smithy/core": "^3.13.0", "@smithy/fetch-http-handler": "^5.2.1", "@smithy/hash-node": "^4.1.1", "@smithy/invalid-dependency": "^4.1.1", "@smithy/md5-js": "^4.1.1", "@smithy/middleware-content-length": "^4.1.1", "@smithy/middleware-endpoint": "^4.2.5", "@smithy/middleware-retry": "^4.3.1", "@smithy/middleware-serde": "^4.1.1", "@smithy/middleware-stack": "^4.1.1", "@smithy/node-config-provider": "^4.2.2", "@smithy/node-http-handler": "^4.2.1", "@smithy/protocol-http": "^5.2.1", "@smithy/smithy-client": "^4.6.5", "@smithy/types": "^4.5.0", "@smithy/url-parser": "^4.1.1", "@smithy/util-base64": "^4.1.0", "@smithy/util-body-length-browser": "^4.1.0", "@smithy/util-body-length-node": "^4.1.0", "@smithy/util-defaults-mode-browser": "^4.1.5", "@smithy/util-defaults-mode-node": "^4.1.5", "@smithy/util-endpoints": "^3.1.2", "@smithy/util-middleware": "^4.1.1", "@smithy/util-retry": "^4.1.2", "@smithy/util-utf8": "^4.1.0", "tslib": "^2.6.2" } }, "sha512-GCquRhawEup8jD5n4ItfMUxhlmly/QDZMsNU74olnJ9aEvL4OspmlBA89lQ6BJu/ctfPsnRCMtDQhhvagS7KyQ=="],

    "@aws-sdk/client-sso": ["@aws-sdk/client-sso@3.899.0", "", { "dependencies": { "@aws-crypto/sha256-browser": "5.2.0", "@aws-crypto/sha256-js": "5.2.0", "@aws-sdk/core": "3.899.0", "@aws-sdk/middleware-host-header": "3.893.0", "@aws-sdk/middleware-logger": "3.893.0", "@aws-sdk/middleware-recursion-detection": "3.893.0", "@aws-sdk/middleware-user-agent": "3.899.0", "@aws-sdk/region-config-resolver": "3.893.0", "@aws-sdk/types": "3.893.0", "@aws-sdk/util-endpoints": "3.895.0", "@aws-sdk/util-user-agent-browser": "3.893.0", "@aws-sdk/util-user-agent-node": "3.899.0", "@smithy/config-resolver": "^4.2.2", "@smithy/core": "^3.13.0", "@smithy/fetch-http-handler": "^5.2.1", "@smithy/hash-node": "^4.1.1", "@smithy/invalid-dependency": "^4.1.1", "@smithy/middleware-content-length": "^4.1.1", "@smithy/middleware-endpoint": "^4.2.5", "@smithy/middleware-retry": "^4.3.1", "@smithy/middleware-serde": "^4.1.1", "@smithy/middleware-stack": "^4.1.1", "@smithy/node-config-provider": "^4.2.2", "@smithy/node-http-handler": "^4.2.1", "@smithy/protocol-http": "^5.2.1", "@smithy/smithy-client": "^4.6.5", "@smithy/types": "^4.5.0", "@smithy/url-parser": "^4.1.1", "@smithy/util-base64": "^4.1.0", "@smithy/util-body-length-browser": "^4.1.0", "@smithy/util-body-length-node": "^4.1.0", "@smithy/util-defaults-mode-browser": "^4.1.5", "@smithy/util-defaults-mode-node": "^4.1.5", "@smithy/util-endpoints": "^3.1.2", "@smithy/util-middleware": "^4.1.1", "@smithy/util-retry": "^4.1.2", "@smithy/util-utf8": "^4.1.0", "tslib": "^2.6.2" } }, "sha512-EKz/iiVDv2OC8/3ONcXG3+rhphx9Heh7KXQdsZzsAXGVn6mWtrHQLrWjgONckmK4LrD07y4+5WlJlGkMxSMA5A=="],

    "@aws-sdk/core": ["@aws-sdk/core@3.899.0", "", { "dependencies": { "@aws-sdk/types": "3.893.0", "@aws-sdk/xml-builder": "3.894.0", "@smithy/core": "^3.13.0", "@smithy/node-config-provider": "^4.2.2", "@smithy/property-provider": "^4.1.1", "@smithy/protocol-http": "^5.2.1", "@smithy/signature-v4": "^5.2.1", "@smithy/smithy-client": "^4.6.5", "@smithy/types": "^4.5.0", "@smithy/util-base64": "^4.1.0", "@smithy/util-middleware": "^4.1.1", "@smithy/util-utf8": "^4.1.0", "tslib": "^2.6.2" } }, "sha512-Enp5Zw37xaRlnscyaelaUZNxVqyE3CTS8gjahFbW2bbzVtRD2itHBVgq8A3lvKiFb7Feoxa71aTe0fQ1I6AhQQ=="],

    "@aws-sdk/credential-provider-env": ["@aws-sdk/credential-provider-env@3.899.0", "", { "dependencies": { "@aws-sdk/core": "3.899.0", "@aws-sdk/types": "3.893.0", "@smithy/property-provider": "^4.1.1", "@smithy/types": "^4.5.0", "tslib": "^2.6.2" } }, "sha512-wXQ//KQ751EFhUbdfoL/e2ZDaM8l2Cff+hVwFcj32yiZyeCMhnoLRMQk2euAaUOugqPY5V5qesFbHhISbIedtw=="],

    "@aws-sdk/credential-provider-http": ["@aws-sdk/credential-provider-http@3.899.0", "", { "dependencies": { "@aws-sdk/core": "3.899.0", "@aws-sdk/types": "3.893.0", "@smithy/fetch-http-handler": "^5.2.1", "@smithy/node-http-handler": "^4.2.1", "@smithy/property-provider": "^4.1.1", "@smithy/protocol-http": "^5.2.1", "@smithy/smithy-client": "^4.6.5", "@smithy/types": "^4.5.0", "@smithy/util-stream": "^4.3.2", "tslib": "^2.6.2" } }, "sha512-/rRHyJFdnPrupjt/1q/PxaO6O26HFsguVUJSUeMeGUWLy0W8OC3slLFDNh89CgTqnplCyt1aLFMCagRM20HjNQ=="],

    "@aws-sdk/credential-provider-ini": ["@aws-sdk/credential-provider-ini@3.899.0", "", { "dependencies": { "@aws-sdk/core": "3.899.0", "@aws-sdk/credential-provider-env": "3.899.0", "@aws-sdk/credential-provider-http": "3.899.0", "@aws-sdk/credential-provider-process": "3.899.0", "@aws-sdk/credential-provider-sso": "3.899.0", "@aws-sdk/credential-provider-web-identity": "3.899.0", "@aws-sdk/nested-clients": "3.899.0", "@aws-sdk/types": "3.893.0", "@smithy/credential-provider-imds": "^4.1.2", "@smithy/property-provider": "^4.1.1", "@smithy/shared-ini-file-loader": "^4.2.0", "@smithy/types": "^4.5.0", "tslib": "^2.6.2" } }, "sha512-B8oFNFTDV0j1yiJiqzkC2ybml+theNnmsLrTLBhJbnBLWkxEcmVGKVIMnATW9BUCBhHmEtDiogdNIzSwP8tbMw=="],

    "@aws-sdk/credential-provider-node": ["@aws-sdk/credential-provider-node@3.899.0", "", { "dependencies": { "@aws-sdk/credential-provider-env": "3.899.0", "@aws-sdk/credential-provider-http": "3.899.0", "@aws-sdk/credential-provider-ini": "3.899.0", "@aws-sdk/credential-provider-process": "3.899.0", "@aws-sdk/credential-provider-sso": "3.899.0", "@aws-sdk/credential-provider-web-identity": "3.899.0", "@aws-sdk/types": "3.893.0", "@smithy/credential-provider-imds": "^4.1.2", "@smithy/property-provider": "^4.1.1", "@smithy/shared-ini-file-loader": "^4.2.0", "@smithy/types": "^4.5.0", "tslib": "^2.6.2" } }, "sha512-nHBnZ2ZCOqTGJ2A9xpVj8iK6+WV+j0JNv3XGEkIuL4mqtGEPJlEex/0mD/hqc1VF8wZzojji2OQ3892m1mUOSA=="],

    "@aws-sdk/credential-provider-process": ["@aws-sdk/credential-provider-process@3.899.0", "", { "dependencies": { "@aws-sdk/core": "3.899.0", "@aws-sdk/types": "3.893.0", "@smithy/property-provider": "^4.1.1", "@smithy/shared-ini-file-loader": "^4.2.0", "@smithy/types": "^4.5.0", "tslib": "^2.6.2" } }, "sha512-1PWSejKcJQUKBNPIqSHlEW4w8vSjmb+3kNJqCinJybjp5uP5BJgBp6QNcb8Nv30VBM0bn3ajVd76LCq4ZshQAw=="],

    "@aws-sdk/credential-provider-sso": ["@aws-sdk/credential-provider-sso@3.899.0", "", { "dependencies": { "@aws-sdk/client-sso": "3.899.0", "@aws-sdk/core": "3.899.0", "@aws-sdk/token-providers": "3.899.0", "@aws-sdk/types": "3.893.0", "@smithy/property-provider": "^4.1.1", "@smithy/shared-ini-file-loader": "^4.2.0", "@smithy/types": "^4.5.0", "tslib": "^2.6.2" } }, "sha512-URlMbo74CAhIGrhzEP2fw5F5Tt6MRUctA8aa88MomlEHCEbJDsMD3nh6qoXxwR3LyvEBFmCWOZ/1TWmAjMsSdA=="],

    "@aws-sdk/credential-provider-web-identity": ["@aws-sdk/credential-provider-web-identity@3.899.0", "", { "dependencies": { "@aws-sdk/core": "3.899.0", "@aws-sdk/nested-clients": "3.899.0", "@aws-sdk/types": "3.893.0", "@smithy/property-provider": "^4.1.1", "@smithy/shared-ini-file-loader": "^4.2.0", "@smithy/types": "^4.5.0", "tslib": "^2.6.2" } }, "sha512-UEn5o5FMcbeFPRRkJI6VCrgdyR9qsLlGA7+AKCYuYADsKbvJGIIQk6A2oD82vIVvLYD3TtbTLDLsF7haF9mpbw=="],

    "@aws-sdk/middleware-host-header": ["@aws-sdk/middleware-host-header@3.893.0", "", { "dependencies": { "@aws-sdk/types": "3.893.0", "@smithy/protocol-http": "^5.2.1", "@smithy/types": "^4.5.0", "tslib": "^2.6.2" } }, "sha512-qL5xYRt80ahDfj9nDYLhpCNkDinEXvjLe/Qen/Y/u12+djrR2MB4DRa6mzBCkLkdXDtf0WAoW2EZsNCfGrmOEQ=="],

    "@aws-sdk/middleware-logger": ["@aws-sdk/middleware-logger@3.893.0", "", { "dependencies": { "@aws-sdk/types": "3.893.0", "@smithy/types": "^4.5.0", "tslib": "^2.6.2" } }, "sha512-ZqzMecjju5zkBquSIfVfCORI/3Mge21nUY4nWaGQy+NUXehqCGG4W7AiVpiHGOcY2cGJa7xeEkYcr2E2U9U0AA=="],

    "@aws-sdk/middleware-recursion-detection": ["@aws-sdk/middleware-recursion-detection@3.893.0", "", { "dependencies": { "@aws-sdk/types": "3.893.0", "@aws/lambda-invoke-store": "^0.0.1", "@smithy/protocol-http": "^5.2.1", "@smithy/types": "^4.5.0", "tslib": "^2.6.2" } }, "sha512-H7Zotd9zUHQAr/wr3bcWHULYhEeoQrF54artgsoUGIf/9emv6LzY89QUccKIxYd6oHKNTrTyXm9F0ZZrzXNxlg=="],

    "@aws-sdk/middleware-sdk-sqs": ["@aws-sdk/middleware-sdk-sqs@3.899.0", "", { "dependencies": { "@aws-sdk/types": "3.893.0", "@smithy/smithy-client": "^4.6.5", "@smithy/types": "^4.5.0", "@smithy/util-hex-encoding": "^4.1.0", "@smithy/util-utf8": "^4.1.0", "tslib": "^2.6.2" } }, "sha512-XjWdP6ZZWShkz8M+kUSydegxzEC0mA3Zswve+TjlSGOvFIEJ8DJzAxUZevIJUOUDYIoBa5ujQ4CRJDTmB5fAIQ=="],

    "@aws-sdk/middleware-user-agent": ["@aws-sdk/middleware-user-agent@3.899.0", "", { "dependencies": { "@aws-sdk/core": "3.899.0", "@aws-sdk/types": "3.893.0", "@aws-sdk/util-endpoints": "3.895.0", "@smithy/core": "^3.13.0", "@smithy/protocol-http": "^5.2.1", "@smithy/types": "^4.5.0", "tslib": "^2.6.2" } }, "sha512-6EsVCC9j1VIyVyLOg+HyO3z9L+c0PEwMiHe3kuocoMf8nkfjSzJfIl6zAtgAXWgP5MKvusTP2SUbS9ezEEHZ+A=="],

    "@aws-sdk/nested-clients": ["@aws-sdk/nested-clients@3.899.0", "", { "dependencies": { "@aws-crypto/sha256-browser": "5.2.0", "@aws-crypto/sha256-js": "5.2.0", "@aws-sdk/core": "3.899.0", "@aws-sdk/middleware-host-header": "3.893.0", "@aws-sdk/middleware-logger": "3.893.0", "@aws-sdk/middleware-recursion-detection": "3.893.0", "@aws-sdk/middleware-user-agent": "3.899.0", "@aws-sdk/region-config-resolver": "3.893.0", "@aws-sdk/types": "3.893.0", "@aws-sdk/util-endpoints": "3.895.0", "@aws-sdk/util-user-agent-browser": "3.893.0", "@aws-sdk/util-user-agent-node": "3.899.0", "@smithy/config-resolver": "^4.2.2", "@smithy/core": "^3.13.0", "@smithy/fetch-http-handler": "^5.2.1", "@smithy/hash-node": "^4.1.1", "@smithy/invalid-dependency": "^4.1.1", "@smithy/middleware-content-length": "^4.1.1", "@smithy/middleware-endpoint": "^4.2.5", "@smithy/middleware-retry": "^4.3.1", "@smithy/middleware-serde": "^4.1.1", "@smithy/middleware-stack": "^4.1.1", "@smithy/node-config-provider": "^4.2.2", "@smithy/node-http-handler": "^4.2.1", "@smithy/protocol-http": "^5.2.1", "@smithy/smithy-client": "^4.6.5", "@smithy/types": "^4.5.0", "@smithy/url-parser": "^4.1.1", "@smithy/util-base64": "^4.1.0", "@smithy/util-body-length-browser": "^4.1.0", "@smithy/util-body-length-node": "^4.1.0", "@smithy/util-defaults-mode-browser": "^4.1.5", "@smithy/util-defaults-mode-node": "^4.1.5", "@smithy/util-endpoints": "^3.1.2", "@smithy/util-middleware": "^4.1.1", "@smithy/util-retry": "^4.1.2", "@smithy/util-utf8": "^4.1.0", "tslib": "^2.6.2" } }, "sha512-ySXXsFO0RH28VISEqvCuPZ78VAkK45/+OCIJgPvYpcCX9CVs70XSvMPXDI46I49mudJ1s4H3IUKccYSEtA+jaw=="],

    "@aws-sdk/region-config-resolver": ["@aws-sdk/region-config-resolver@3.893.0", "", { "dependencies": { "@aws-sdk/types": "3.893.0", "@smithy/node-config-provider": "^4.2.2", "@smithy/types": "^4.5.0", "@smithy/util-config-provider": "^4.1.0", "@smithy/util-middleware": "^4.1.1", "tslib": "^2.6.2" } }, "sha512-/cJvh3Zsa+Of0Zbg7vl9wp/kZtdb40yk/2+XcroAMVPO9hPvmS9r/UOm6tO7FeX4TtkRFwWaQJiTZTgSdsPY+Q=="],

    "@aws-sdk/token-providers": ["@aws-sdk/token-providers@3.899.0", "", { "dependencies": { "@aws-sdk/core": "3.899.0", "@aws-sdk/nested-clients": "3.899.0", "@aws-sdk/types": "3.893.0", "@smithy/property-provider": "^4.1.1", "@smithy/shared-ini-file-loader": "^4.2.0", "@smithy/types": "^4.5.0", "tslib": "^2.6.2" } }, "sha512-Ovu1nWr8HafYa/7DaUvvPnzM/yDUGDBqaiS7rRzv++F5VwyFY37+z/mHhvRnr+PbNWo8uf22a121SNue5uwP2w=="],

    "@aws-sdk/types": ["@aws-sdk/types@3.893.0", "", { "dependencies": { "@smithy/types": "^4.5.0", "tslib": "^2.6.2" } }, "sha512-Aht1nn5SnA0N+Tjv0dzhAY7CQbxVtmq1bBR6xI0MhG7p2XYVh1wXuKTzrldEvQWwA3odOYunAfT9aBiKZx9qIg=="],

    "@aws-sdk/util-endpoints": ["@aws-sdk/util-endpoints@3.895.0", "", { "dependencies": { "@aws-sdk/types": "3.893.0", "@smithy/types": "^4.5.0", "@smithy/url-parser": "^4.1.1", "@smithy/util-endpoints": "^3.1.2", "tslib": "^2.6.2" } }, "sha512-MhxBvWbwxmKknuggO2NeMwOVkHOYL98pZ+1ZRI5YwckoCL3AvISMnPJgfN60ww6AIXHGpkp+HhpFdKOe8RHSEg=="],

    "@aws-sdk/util-locate-window": ["@aws-sdk/util-locate-window@3.893.0", "", { "dependencies": { "tslib": "^2.6.2" } }, "sha512-T89pFfgat6c8nMmpI8eKjBcDcgJq36+m9oiXbcUzeU55MP9ZuGgBomGjGnHaEyF36jenW9gmg3NfZDm0AO2XPg=="],

    "@aws-sdk/util-user-agent-browser": ["@aws-sdk/util-user-agent-browser@3.893.0", "", { "dependencies": { "@aws-sdk/types": "3.893.0", "@smithy/types": "^4.5.0", "bowser": "^2.11.0", "tslib": "^2.6.2" } }, "sha512-PE9NtbDBW6Kgl1bG6A5fF3EPo168tnkj8TgMcT0sg4xYBWsBpq0bpJZRh+Jm5Bkwiw9IgTCLjEU7mR6xWaMB9w=="],

    "@aws-sdk/util-user-agent-node": ["@aws-sdk/util-user-agent-node@3.899.0", "", { "dependencies": { "@aws-sdk/middleware-user-agent": "3.899.0", "@aws-sdk/types": "3.893.0", "@smithy/node-config-provider": "^4.2.2", "@smithy/types": "^4.5.0", "tslib": "^2.6.2" }, "peerDependencies": { "aws-crt": ">=1.0.0" }, "optionalPeers": ["aws-crt"] }, "sha512-CiP0UAVQWLg2+8yciUBzVLaK5Fr7jBQ7wVu+p/O2+nlCOD3E3vtL1KZ1qX/d3OVpVSVaMAdZ9nbyewGV9hvjjg=="],

    "@aws-sdk/xml-builder": ["@aws-sdk/xml-builder@3.894.0", "", { "dependencies": { "@smithy/types": "^4.5.0", "fast-xml-parser": "5.2.5", "tslib": "^2.6.2" } }, "sha512-E6EAMc9dT1a2DOdo4zyOf3fp5+NJ2wI+mcm7RaW1baFIWDwcb99PpvWoV7YEiK7oaBDshuOEGWKUSYXdW+JYgA=="],

    "@aws/lambda-invoke-store": ["@aws/lambda-invoke-store@0.0.1", "", {}, "sha512-ORHRQ2tmvnBXc8t/X9Z8IcSbBA4xTLKuN873FopzklHMeqBst7YG0d+AX97inkvDX+NChYtSr+qGfcqGFaI8Zw=="],

    "@biomejs/biome": ["@biomejs/biome@2.2.4", "", { "optionalDependencies": { "@biomejs/cli-darwin-arm64": "2.2.4", "@biomejs/cli-darwin-x64": "2.2.4", "@biomejs/cli-linux-arm64": "2.2.4", "@biomejs/cli-linux-arm64-musl": "2.2.4", "@biomejs/cli-linux-x64": "2.2.4", "@biomejs/cli-linux-x64-musl": "2.2.4", "@biomejs/cli-win32-arm64": "2.2.4", "@biomejs/cli-win32-x64": "2.2.4" }, "bin": { "biome": "bin/biome" } }, "sha512-TBHU5bUy/Ok6m8c0y3pZiuO/BZoY/OcGxoLlrfQof5s8ISVwbVBdFINPQZyFfKwil8XibYWb7JMwnT8wT4WVPg=="],

    "@biomejs/cli-darwin-arm64": ["@biomejs/cli-darwin-arm64@2.2.4", "", { "os": "darwin", "cpu": "arm64" }, "sha512-RJe2uiyaloN4hne4d2+qVj3d3gFJFbmrr5PYtkkjei1O9c+BjGXgpUPVbi8Pl8syumhzJjFsSIYkcLt2VlVLMA=="],

    "@biomejs/cli-darwin-x64": ["@biomejs/cli-darwin-x64@2.2.4", "", { "os": "darwin", "cpu": "x64" }, "sha512-cFsdB4ePanVWfTnPVaUX+yr8qV8ifxjBKMkZwN7gKb20qXPxd/PmwqUH8mY5wnM9+U0QwM76CxFyBRJhC9tQwg=="],

    "@biomejs/cli-linux-arm64": ["@biomejs/cli-linux-arm64@2.2.4", "", { "os": "linux", "cpu": "arm64" }, "sha512-M/Iz48p4NAzMXOuH+tsn5BvG/Jb07KOMTdSVwJpicmhN309BeEyRyQX+n1XDF0JVSlu28+hiTQ2L4rZPvu7nMw=="],

    "@biomejs/cli-linux-arm64-musl": ["@biomejs/cli-linux-arm64-musl@2.2.4", "", { "os": "linux", "cpu": "arm64" }, "sha512-7TNPkMQEWfjvJDaZRSkDCPT/2r5ESFPKx+TEev+I2BXDGIjfCZk2+b88FOhnJNHtksbOZv8ZWnxrA5gyTYhSsQ=="],

    "@biomejs/cli-linux-x64": ["@biomejs/cli-linux-x64@2.2.4", "", { "os": "linux", "cpu": "x64" }, "sha512-orr3nnf2Dpb2ssl6aihQtvcKtLySLta4E2UcXdp7+RTa7mfJjBgIsbS0B9GC8gVu0hjOu021aU8b3/I1tn+pVQ=="],

    "@biomejs/cli-linux-x64-musl": ["@biomejs/cli-linux-x64-musl@2.2.4", "", { "os": "linux", "cpu": "x64" }, "sha512-m41nFDS0ksXK2gwXL6W6yZTYPMH0LughqbsxInSKetoH6morVj43szqKx79Iudkp8WRT5SxSh7qVb8KCUiewGg=="],

    "@biomejs/cli-win32-arm64": ["@biomejs/cli-win32-arm64@2.2.4", "", { "os": "win32", "cpu": "arm64" }, "sha512-NXnfTeKHDFUWfxAefa57DiGmu9VyKi0cDqFpdI+1hJWQjGJhJutHPX0b5m+eXvTKOaf+brU+P0JrQAZMb5yYaQ=="],

    "@biomejs/cli-win32-x64": ["@biomejs/cli-win32-x64@2.2.4", "", { "os": "win32", "cpu": "x64" }, "sha512-3Y4V4zVRarVh/B/eSHczR4LYoSVyv3Dfuvm3cWs5w/HScccS0+Wt/lHOcDTRYeHjQmMYVC3rIRWqyN2EI52+zg=="],

    "@hono/standard-validator": ["@hono/standard-validator@0.1.5", "", { "peerDependencies": { "@standard-schema/spec": "1.0.0", "hono": ">=3.9.0" } }, "sha512-EIyZPPwkyLn6XKwFj5NBEWHXhXbgmnVh2ceIFo5GO7gKI9WmzTjPDKnppQB0KrqKeAkq3kpoW4SIbu5X1dgx3w=="],

    "@opentelemetry/api": ["@opentelemetry/api@1.9.0", "", {}, "sha512-3giAOQvZiH5F9bMlMiv8+GSPMeqg0dbaeo58/0SlA9sxSqZhnUtxzX9/2FzyhS9sWQf5S0GJE0AKBrFqjpeYcg=="],

    "@scalar/core": ["@scalar/core@0.3.16", "", { "dependencies": { "@scalar/types": "0.2.15" } }, "sha512-gZLKu6yzc9Md8X29OX7hN/Cgl95ReHK+t/HXbaT3O8hsbCc9JyhEZiKFpTfCH9vcgyYQ91fcq9w8tT4BVpFJUw=="],

    "@scalar/hono-api-reference": ["@scalar/hono-api-reference@0.9.18", "", { "dependencies": { "@scalar/core": "0.3.16" }, "peerDependencies": { "hono": "^4.0.0" } }, "sha512-YYD0HY4ru3RRA8DQcIQiF5OBJntZSSfFu14KbU/Pdd5W5x57+BQH3cAa9aDJ7M1+wOD9a2iJUSCjTh8K3GOhHw=="],

    "@scalar/openapi-types": ["@scalar/openapi-types@0.3.7", "", { "dependencies": { "zod": "3.24.1" } }, "sha512-QHSvHBVDze3+dUwAhIGq6l1iOev4jdoqdBK7QpfeN1Q4h+6qpVEw3EEqBiH0AXUSh/iWwObBv4uMgfIx0aNZ5g=="],

    "@scalar/types": ["@scalar/types@0.2.15", "", { "dependencies": { "@scalar/openapi-types": "0.3.7", "nanoid": "5.1.5", "zod": "3.24.1" } }, "sha512-x2aCNmkDqr3VXUHjw7wPXK9KZwHbGGMs4NuxJIzy9MbAxUS9li8HXGG0K82Q5fDm47SAM+68z0/tnWkJpu+kzg=="],

    "@smithy/abort-controller": ["@smithy/abort-controller@4.2.0", "", { "dependencies": { "@smithy/types": "^4.6.0", "tslib": "^2.6.2" } }, "sha512-PLUYa+SUKOEZtXFURBu/CNxlsxfaFGxSBPcStL13KpVeVWIfdezWyDqkz7iDLmwnxojXD0s5KzuB5HGHvt4Aeg=="],

    "@smithy/config-resolver": ["@smithy/config-resolver@4.3.0", "", { "dependencies": { "@smithy/node-config-provider": "^4.3.0", "@smithy/types": "^4.6.0", "@smithy/util-config-provider": "^4.2.0", "@smithy/util-middleware": "^4.2.0", "tslib": "^2.6.2" } }, "sha512-9oH+n8AVNiLPK/iK/agOsoWfrKZ3FGP3502tkksd6SRsKMYiu7AFX0YXo6YBADdsAj7C+G/aLKdsafIJHxuCkQ=="],

    "@smithy/core": ["@smithy/core@3.14.0", "", { "dependencies": { "@smithy/middleware-serde": "^4.2.0", "@smithy/protocol-http": "^5.3.0", "@smithy/types": "^4.6.0", "@smithy/util-base64": "^4.2.0", "@smithy/util-body-length-browser": "^4.2.0", "@smithy/util-middleware": "^4.2.0", "@smithy/util-stream": "^4.4.0", "@smithy/util-utf8": "^4.2.0", "@smithy/uuid": "^1.1.0", "tslib": "^2.6.2" } }, "sha512-XJ4z5FxvY/t0Dibms/+gLJrI5niRoY0BCmE02fwmPcRYFPI4KI876xaE79YGWIKnEslMbuQPsIEsoU/DXa0DoA=="],

    "@smithy/credential-provider-imds": ["@smithy/credential-provider-imds@4.2.0", "", { "dependencies": { "@smithy/node-config-provider": "^4.3.0", "@smithy/property-provider": "^4.2.0", "@smithy/types": "^4.6.0", "@smithy/url-parser": "^4.2.0", "tslib": "^2.6.2" } }, "sha512-SOhFVvFH4D5HJZytb0bLKxCrSnwcqPiNlrw+S4ZXjMnsC+o9JcUQzbZOEQcA8yv9wJFNhfsUiIUKiEnYL68Big=="],

    "@smithy/fetch-http-handler": ["@smithy/fetch-http-handler@5.3.0", "", { "dependencies": { "@smithy/protocol-http": "^5.3.0", "@smithy/querystring-builder": "^4.2.0", "@smithy/types": "^4.6.0", "@smithy/util-base64": "^4.2.0", "tslib": "^2.6.2" } }, "sha512-BG3KSmsx9A//KyIfw+sqNmWFr1YBUr+TwpxFT7yPqAk0yyDh7oSNgzfNH7pS6OC099EGx2ltOULvumCFe8bcgw=="],

    "@smithy/hash-node": ["@smithy/hash-node@4.2.0", "", { "dependencies": { "@smithy/types": "^4.6.0", "@smithy/util-buffer-from": "^4.2.0", "@smithy/util-utf8": "^4.2.0", "tslib": "^2.6.2" } }, "sha512-ugv93gOhZGysTctZh9qdgng8B+xO0cj+zN0qAZ+Sgh7qTQGPOJbMdIuyP89KNfUyfAqFSNh5tMvC+h2uCpmTtA=="],

    "@smithy/invalid-dependency": ["@smithy/invalid-dependency@4.2.0", "", { "dependencies": { "@smithy/types": "^4.6.0", "tslib": "^2.6.2" } }, "sha512-ZmK5X5fUPAbtvRcUPtk28aqIClVhbfcmfoS4M7UQBTnDdrNxhsrxYVv0ZEl5NaPSyExsPWqL4GsPlRvtlwg+2A=="],

    "@smithy/is-array-buffer": ["@smithy/is-array-buffer@4.2.0", "", { "dependencies": { "tslib": "^2.6.2" } }, "sha512-DZZZBvC7sjcYh4MazJSGiWMI2L7E0oCiRHREDzIxi/M2LY79/21iXt6aPLHge82wi5LsuRF5A06Ds3+0mlh6CQ=="],

    "@smithy/md5-js": ["@smithy/md5-js@4.2.0", "", { "dependencies": { "@smithy/types": "^4.6.0", "@smithy/util-utf8": "^4.2.0", "tslib": "^2.6.2" } }, "sha512-LFEPniXGKRQArFmDQ3MgArXlClFJMsXDteuQQY8WG1/zzv6gVSo96+qpkuu1oJp4MZsKrwchY0cuAoPKzEbaNA=="],

    "@smithy/middleware-content-length": ["@smithy/middleware-content-length@4.2.0", "", { "dependencies": { "@smithy/protocol-http": "^5.3.0", "@smithy/types": "^4.6.0", "tslib": "^2.6.2" } }, "sha512-6ZAnwrXFecrA4kIDOcz6aLBhU5ih2is2NdcZtobBDSdSHtE9a+MThB5uqyK4XXesdOCvOcbCm2IGB95birTSOQ=="],

    "@smithy/middleware-endpoint": ["@smithy/middleware-endpoint@4.3.0", "", { "dependencies": { "@smithy/core": "^3.14.0", "@smithy/middleware-serde": "^4.2.0", "@smithy/node-config-provider": "^4.3.0", "@smithy/shared-ini-file-loader": "^4.3.0", "@smithy/types": "^4.6.0", "@smithy/url-parser": "^4.2.0", "@smithy/util-middleware": "^4.2.0", "tslib": "^2.6.2" } }, "sha512-jFVjuQeV8TkxaRlcCNg0GFVgg98tscsmIrIwRFeC74TIUyLE3jmY9xgc1WXrPQYRjQNK3aRoaIk6fhFRGOIoGw=="],

    "@smithy/middleware-retry": ["@smithy/middleware-retry@4.4.0", "", { "dependencies": { "@smithy/node-config-provider": "^4.3.0", "@smithy/protocol-http": "^5.3.0", "@smithy/service-error-classification": "^4.2.0", "@smithy/smithy-client": "^4.7.0", "@smithy/types": "^4.6.0", "@smithy/util-middleware": "^4.2.0", "@smithy/util-retry": "^4.2.0", "@smithy/uuid": "^1.1.0", "tslib": "^2.6.2" } }, "sha512-yaVBR0vQnOnzex45zZ8ZrPzUnX73eUC8kVFaAAbn04+6V7lPtxn56vZEBBAhgS/eqD6Zm86o6sJs6FuQVoX5qg=="],

    "@smithy/middleware-serde": ["@smithy/middleware-serde@4.2.0", "", { "dependencies": { "@smithy/protocol-http": "^5.3.0", "@smithy/types": "^4.6.0", "tslib": "^2.6.2" } }, "sha512-rpTQ7D65/EAbC6VydXlxjvbifTf4IH+sADKg6JmAvhkflJO2NvDeyU9qsWUNBelJiQFcXKejUHWRSdmpJmEmiw=="],

    "@smithy/middleware-stack": ["@smithy/middleware-stack@4.2.0", "", { "dependencies": { "@smithy/types": "^4.6.0", "tslib": "^2.6.2" } }, "sha512-G5CJ//eqRd9OARrQu9MK1H8fNm2sMtqFh6j8/rPozhEL+Dokpvi1Og+aCixTuwDAGZUkJPk6hJT5jchbk/WCyg=="],

    "@smithy/node-config-provider": ["@smithy/node-config-provider@4.3.0", "", { "dependencies": { "@smithy/property-provider": "^4.2.0", "@smithy/shared-ini-file-loader": "^4.3.0", "@smithy/types": "^4.6.0", "tslib": "^2.6.2" } }, "sha512-5QgHNuWdT9j9GwMPPJCKxy2KDxZ3E5l4M3/5TatSZrqYVoEiqQrDfAq8I6KWZw7RZOHtVtCzEPdYz7rHZixwcA=="],

    "@smithy/node-http-handler": ["@smithy/node-http-handler@4.3.0", "", { "dependencies": { "@smithy/abort-controller": "^4.2.0", "@smithy/protocol-http": "^5.3.0", "@smithy/querystring-builder": "^4.2.0", "@smithy/types": "^4.6.0", "tslib": "^2.6.2" } }, "sha512-RHZ/uWCmSNZ8cneoWEVsVwMZBKy/8123hEpm57vgGXA3Irf/Ja4v9TVshHK2ML5/IqzAZn0WhINHOP9xl+Qy6Q=="],

    "@smithy/property-provider": ["@smithy/property-provider@4.2.0", "", { "dependencies": { "@smithy/types": "^4.6.0", "tslib": "^2.6.2" } }, "sha512-rV6wFre0BU6n/tx2Ztn5LdvEdNZ2FasQbPQmDOPfV9QQyDmsCkOAB0osQjotRCQg+nSKFmINhyda0D3AnjSBJw=="],

    "@smithy/protocol-http": ["@smithy/protocol-http@5.3.0", "", { "dependencies": { "@smithy/types": "^4.6.0", "tslib": "^2.6.2" } }, "sha512-6POSYlmDnsLKb7r1D3SVm7RaYW6H1vcNcTWGWrF7s9+2noNYvUsm7E4tz5ZQ9HXPmKn6Hb67pBDRIjrT4w/d7Q=="],

    "@smithy/querystring-builder": ["@smithy/querystring-builder@4.2.0", "", { "dependencies": { "@smithy/types": "^4.6.0", "@smithy/util-uri-escape": "^4.2.0", "tslib": "^2.6.2" } }, "sha512-Q4oFD0ZmI8yJkiPPeGUITZj++4HHYCW3pYBYfIobUCkYpI6mbkzmG1MAQQ3lJYYWj3iNqfzOenUZu+jqdPQ16A=="],

    "@smithy/querystring-parser": ["@smithy/querystring-parser@4.2.0", "", { "dependencies": { "@smithy/types": "^4.6.0", "tslib": "^2.6.2" } }, "sha512-BjATSNNyvVbQxOOlKse0b0pSezTWGMvA87SvoFoFlkRsKXVsN3bEtjCxvsNXJXfnAzlWFPaT9DmhWy1vn0sNEA=="],

    "@smithy/service-error-classification": ["@smithy/service-error-classification@4.2.0", "", { "dependencies": { "@smithy/types": "^4.6.0" } }, "sha512-Ylv1ttUeKatpR0wEOMnHf1hXMktPUMObDClSWl2TpCVT4DwtJhCeighLzSLbgH3jr5pBNM0LDXT5yYxUvZ9WpA=="],

    "@smithy/shared-ini-file-loader": ["@smithy/shared-ini-file-loader@4.3.0", "", { "dependencies": { "@smithy/types": "^4.6.0", "tslib": "^2.6.2" } }, "sha512-VCUPPtNs+rKWlqqntX0CbVvWyjhmX30JCtzO+s5dlzzxrvSfRh5SY0yxnkirvc1c80vdKQttahL71a9EsdolSQ=="],

    "@smithy/signature-v4": ["@smithy/signature-v4@5.3.0", "", { "dependencies": { "@smithy/is-array-buffer": "^4.2.0", "@smithy/protocol-http": "^5.3.0", "@smithy/types": "^4.6.0", "@smithy/util-hex-encoding": "^4.2.0", "@smithy/util-middleware": "^4.2.0", "@smithy/util-uri-escape": "^4.2.0", "@smithy/util-utf8": "^4.2.0", "tslib": "^2.6.2" } }, "sha512-MKNyhXEs99xAZaFhm88h+3/V+tCRDQ+PrDzRqL0xdDpq4gjxcMmf5rBA3YXgqZqMZ/XwemZEurCBQMfxZOWq/g=="],

    "@smithy/smithy-client": ["@smithy/smithy-client@4.7.0", "", { "dependencies": { "@smithy/core": "^3.14.0", "@smithy/middleware-endpoint": "^4.3.0", "@smithy/middleware-stack": "^4.2.0", "@smithy/protocol-http": "^5.3.0", "@smithy/types": "^4.6.0", "@smithy/util-stream": "^4.4.0", "tslib": "^2.6.2" } }, "sha512-3BDx/aCCPf+kkinYf5QQhdQ9UAGihgOVqI3QO5xQfSaIWvUE4KYLtiGRWsNe1SR7ijXC0QEPqofVp5Sb0zC8xQ=="],

    "@smithy/types": ["@smithy/types@4.6.0", "", { "dependencies": { "tslib": "^2.6.2" } }, "sha512-4lI9C8NzRPOv66FaY1LL1O/0v0aLVrq/mXP/keUa9mJOApEeae43LsLd2kZRUJw91gxOQfLIrV3OvqPgWz1YsA=="],

    "@smithy/url-parser": ["@smithy/url-parser@4.2.0", "", { "dependencies": { "@smithy/querystring-parser": "^4.2.0", "@smithy/types": "^4.6.0", "tslib": "^2.6.2" } }, "sha512-AlBmD6Idav2ugmoAL6UtR6ItS7jU5h5RNqLMZC7QrLCoITA9NzIN3nx9GWi8g4z1pfWh2r9r96SX/jHiNwPJ9A=="],

    "@smithy/util-base64": ["@smithy/util-base64@4.2.0", "", { "dependencies": { "@smithy/util-buffer-from": "^4.2.0", "@smithy/util-utf8": "^4.2.0", "tslib": "^2.6.2" } }, "sha512-+erInz8WDv5KPe7xCsJCp+1WCjSbah9gWcmUXc9NqmhyPx59tf7jqFz+za1tRG1Y5KM1Cy1rWCcGypylFp4mvA=="],

    "@smithy/util-body-length-browser": ["@smithy/util-body-length-browser@4.2.0", "", { "dependencies": { "tslib": "^2.6.2" } }, "sha512-Fkoh/I76szMKJnBXWPdFkQJl2r9SjPt3cMzLdOB6eJ4Pnpas8hVoWPYemX/peO0yrrvldgCUVJqOAjUrOLjbxg=="],

    "@smithy/util-body-length-node": ["@smithy/util-body-length-node@4.2.0", "", { "dependencies": { "tslib": "^2.6.2" } }, "sha512-U8q1WsSZFjXijlD7a4wsDQOvOwV+72iHSfq1q7VD+V75xP/pdtm0WIGuaFJ3gcADDOKj2MIBn4+zisi140HEnQ=="],

    "@smithy/util-buffer-from": ["@smithy/util-buffer-from@4.2.0", "", { "dependencies": { "@smithy/is-array-buffer": "^4.2.0", "tslib": "^2.6.2" } }, "sha512-kAY9hTKulTNevM2nlRtxAG2FQ3B2OR6QIrPY3zE5LqJy1oxzmgBGsHLWTcNhWXKchgA0WHW+mZkQrng/pgcCew=="],

    "@smithy/util-config-provider": ["@smithy/util-config-provider@4.2.0", "", { "dependencies": { "tslib": "^2.6.2" } }, "sha512-YEjpl6XJ36FTKmD+kRJJWYvrHeUvm5ykaUS5xK+6oXffQPHeEM4/nXlZPe+Wu0lsgRUcNZiliYNh/y7q9c2y6Q=="],

    "@smithy/util-defaults-mode-browser": ["@smithy/util-defaults-mode-browser@4.2.0", "", { "dependencies": { "@smithy/property-provider": "^4.2.0", "@smithy/smithy-client": "^4.7.0", "@smithy/types": "^4.6.0", "bowser": "^2.11.0", "tslib": "^2.6.2" } }, "sha512-qzHp7ZDk1Ba4LDwQVCNp90xPGqSu7kmL7y5toBpccuhi3AH7dcVBIT/pUxYcInK4jOy6FikrcTGq5wxcka8UaQ=="],

    "@smithy/util-defaults-mode-node": ["@smithy/util-defaults-mode-node@4.2.0", "", { "dependencies": { "@smithy/config-resolver": "^4.3.0", "@smithy/credential-provider-imds": "^4.2.0", "@smithy/node-config-provider": "^4.3.0", "@smithy/property-provider": "^4.2.0", "@smithy/smithy-client": "^4.7.0", "@smithy/types": "^4.6.0", "tslib": "^2.6.2" } }, "sha512-FxUHS3WXgx3bTWR6yQHNHHkQHZm/XKIi/CchTnKvBulN6obWpcbzJ6lDToXn+Wp0QlVKd7uYAz2/CTw1j7m+Kg=="],

    "@smithy/util-endpoints": ["@smithy/util-endpoints@3.2.0", "", { "dependencies": { "@smithy/node-config-provider": "^4.3.0", "@smithy/types": "^4.6.0", "tslib": "^2.6.2" } }, "sha512-TXeCn22D56vvWr/5xPqALc9oO+LN+QpFjrSM7peG/ckqEPoI3zaKZFp+bFwfmiHhn5MGWPaLCqDOJPPIixk9Wg=="],

    "@smithy/util-hex-encoding": ["@smithy/util-hex-encoding@4.2.0", "", { "dependencies": { "tslib": "^2.6.2" } }, "sha512-CCQBwJIvXMLKxVbO88IukazJD9a4kQ9ZN7/UMGBjBcJYvatpWk+9g870El4cB8/EJxfe+k+y0GmR9CAzkF+Nbw=="],

    "@smithy/util-middleware": ["@smithy/util-middleware@4.2.0", "", { "dependencies": { "@smithy/types": "^4.6.0", "tslib": "^2.6.2" } }, "sha512-u9OOfDa43MjagtJZ8AapJcmimP+K2Z7szXn8xbty4aza+7P1wjFmy2ewjSbhEiYQoW1unTlOAIV165weYAaowA=="],

    "@smithy/util-retry": ["@smithy/util-retry@4.2.0", "", { "dependencies": { "@smithy/service-error-classification": "^4.2.0", "@smithy/types": "^4.6.0", "tslib": "^2.6.2" } }, "sha512-BWSiuGbwRnEE2SFfaAZEX0TqaxtvtSYPM/J73PFVm+A29Fg1HTPiYFb8TmX1DXp4hgcdyJcNQmprfd5foeORsg=="],

    "@smithy/util-stream": ["@smithy/util-stream@4.4.0", "", { "dependencies": { "@smithy/fetch-http-handler": "^5.3.0", "@smithy/node-http-handler": "^4.3.0", "@smithy/types": "^4.6.0", "@smithy/util-base64": "^4.2.0", "@smithy/util-buffer-from": "^4.2.0", "@smithy/util-hex-encoding": "^4.2.0", "@smithy/util-utf8": "^4.2.0", "tslib": "^2.6.2" } }, "sha512-vtO7ktbixEcrVzMRmpQDnw/Ehr9UWjBvSJ9fyAbadKkC4w5Cm/4lMO8cHz8Ysb8uflvQUNRcuux/oNHKPXkffg=="],

    "@smithy/util-uri-escape": ["@smithy/util-uri-escape@4.2.0", "", { "dependencies": { "tslib": "^2.6.2" } }, "sha512-igZpCKV9+E/Mzrpq6YacdTQ0qTiLm85gD6N/IrmyDvQFA4UnU3d5g3m8tMT/6zG/vVkWSU+VxeUyGonL62DuxA=="],

    "@smithy/util-utf8": ["@smithy/util-utf8@4.2.0", "", { "dependencies": { "@smithy/util-buffer-from": "^4.2.0", "tslib": "^2.6.2" } }, "sha512-zBPfuzoI8xyBtR2P6WQj63Rz8i3AmfAaJLuNG8dWsfvPe8lO4aCPYLn879mEgHndZH1zQ2oXmG8O1GGzzaoZiw=="],

    "@smithy/uuid": ["@smithy/uuid@1.1.0", "", { "dependencies": { "tslib": "^2.6.2" } }, "sha512-4aUIteuyxtBUhVdiQqcDhKFitwfd9hqoSDYY2KRXiWtgoWJ9Bmise+KfEPDiVHWeJepvF8xJO9/9+WDIciMFFw=="],

    "@standard-community/standard-json": ["@standard-community/standard-json@0.3.3", "", { "peerDependencies": { "@standard-schema/spec": "^1.0.0", "@types/json-schema": "^7.0.15", "@valibot/to-json-schema": "^1.3.0", "arktype": "^2.1.20", "effect": "^3.16.8", "quansync": "^0.2.11", "valibot": "^1.1.0", "zod": "^3.25.0 || ^4.0.0", "zod-to-json-schema": "^3.24.5" }, "optionalPeers": ["@valibot/to-json-schema", "arktype", "effect", "valibot", "zod", "zod-to-json-schema"] }, "sha512-oIdzYrYFe5hUxcAgnNcDuaP59dn1LRPHVv16ZNIONPF2OF9r5O8zGGhBHfrNEmldLcljmDBTnGz1gwmaK0iczQ=="],

    "@standard-community/standard-openapi": ["@standard-community/standard-openapi@0.2.4", "", { "peerDependencies": { "@standard-community/standard-json": "^0.3.1", "@standard-schema/spec": "^1.0.0", "arktype": "^2.1.20", "openapi-types": "^12.1.3", "valibot": "^1.1.0", "zod": "^3.25.0 || ^4.0.0", "zod-openapi": "^4" }, "optionalPeers": ["arktype", "valibot", "zod", "zod-openapi"] }, "sha512-guPU+9Y+Y9JN0gpBQbZMlIYzRSaRyTe7f+g6JCV3d0rrMQ5JFngLQKRyg3MP07xIts8nGim167Y9ePfdlkJp0Q=="],

    "@standard-schema/spec": ["@standard-schema/spec@1.0.0", "", {}, "sha512-m2bOd0f2RT9k8QJx1JN85cZYyH1RqFBdlwtkSlf4tBDYLCiiZnv1fIIwacK6cqwXavOydf0NPToMQgpKq+dVlA=="],

    "@types/bun": ["@types/bun@1.2.22", "", { "dependencies": { "bun-types": "1.2.22" } }, "sha512-5A/KrKos2ZcN0c6ljRSOa1fYIyCKhZfIVYeuyb4snnvomnpFqC0tTsEkdqNxbAgExV384OETQ//WAjl3XbYqQA=="],

    "@types/json-schema": ["@types/json-schema@7.0.15", "", {}, "sha512-5+fP8P8MFNC+AyZCDxrB2pkZFPGzqQWUzpSeuuVLvm8VMcorNYavBqoFcxK8bQz4Qsbn4oUEEem4wDLfcysGHA=="],

    "@types/node": ["@types/node@24.5.1", "", { "dependencies": { "undici-types": "~7.12.0" } }, "sha512-/SQdmUP2xa+1rdx7VwB9yPq8PaKej8TD5cQ+XfKDPWWC+VDJU4rvVVagXqKUzhKjtFoNA8rXDJAkCxQPAe00+Q=="],

    "@types/react": ["@types/react@19.1.13", "", { "dependencies": { "csstype": "^3.0.2" } }, "sha512-hHkbU/eoO3EG5/MZkuFSKmYqPbSVk5byPFa3e7y/8TybHiLMACgI8seVYlicwk7H5K/rI2px9xrQp/C+AUDTiQ=="],

    "ai": ["ai@5.0.0-beta.34", "", { "dependencies": { "@ai-sdk/gateway": "1.0.0-beta.19", "@ai-sdk/provider": "2.0.0-beta.2", "@ai-sdk/provider-utils": "3.0.0-beta.10", "@opentelemetry/api": "1.9.0" }, "peerDependencies": { "zod": "^3.25.76 || ^4" } }, "sha512-AFJ4p35AxA+1KFtnoouePLaAUpoj0IxIAoq/xgIv88qzYajTg4Sac5KaV4CDHFRLoF0L2cwhlFXt/Ss/zyBKkA=="],

    "atomic-sleep": ["atomic-sleep@1.0.0", "", {}, "sha512-kNOjDqAh7px0XWNI+4QbzoiR/nTkHAWNud2uvnJquD1/x5a7EQZMJT0AczqK0Qn67oY/TTQ1LbUKajZpp3I9tQ=="],

    "bowser": ["bowser@2.12.1", "", {}, "sha512-z4rE2Gxh7tvshQ4hluIT7XcFrgLIQaw9X3A+kTTRdovCz5PMukm/0QC/BKSYPj3omF5Qfypn9O/c5kgpmvYUCw=="],

    "bun-types": ["bun-types@1.2.22", "", { "dependencies": { "@types/node": "*" }, "peerDependencies": { "@types/react": "^19" } }, "sha512-hwaAu8tct/Zn6Zft4U9BsZcXkYomzpHJX28ofvx7k0Zz2HNz54n1n+tDgxoWFGB4PcFvJXJQloPhaV2eP3Q6EA=="],

    "csstype": ["csstype@3.1.3", "", {}, "sha512-M1uQkMl8rQK/szD0LNhtqxIPLpimGm8sOBwU7lLnCpSbTyY3yeU1Vc7l4KT5zT4s/yOxHH5O7tIuuLOCnLADRw=="],

    "defu": ["defu@6.1.4", "", {}, "sha512-mEQCMmwJu317oSz8CwdIOdwf3xMif1ttiM8LTufzc3g6kR+9Pe236twL8j3IYT1F7GfRgGcW6MWxzZjLIkuHIg=="],

    "eventsource-parser": ["eventsource-parser@3.0.6", "", {}, "sha512-Vo1ab+QXPzZ4tCa8SwIHJFaSzy4R6SHf7BY79rFBDf0idraZWAkYrDjDj8uWaSm3S2TK+hJ7/t1CEmZ7jXw+pg=="],

    "fast-redact": ["fast-redact@3.5.0", "", {}, "sha512-dwsoQlS7h9hMeYUq1W++23NDcBLV4KqONnITDV9DjfS3q1SgDGVrBdvvTLUotWtPSD7asWDV9/CmsZPy8Hf70A=="],

    "fast-xml-parser": ["fast-xml-parser@5.2.5", "", { "dependencies": { "strnum": "^2.1.0" }, "bin": { "fxparser": "src/cli/cli.js" } }, "sha512-pfX9uG9Ki0yekDHx2SiuRIyFdyAr1kMIMitPvb0YBo8SUfKvia7w7FIyd/l6av85pFYRhZscS75MwMnbvY+hcQ=="],

    "get-caller-file": ["get-caller-file@2.0.5", "", {}, "sha512-DyFP3BM/3YHTQOCUL/w0OZHR0lpKeGrxotcHWcqNEdnltqFwXVfhEBQ94eIo34AfQpo0rGki4cyIiftY06h2Fg=="],

    "hono": ["hono@4.9.7", "", {}, "sha512-t4Te6ERzIaC48W3x4hJmBwgNlLhmiEdEE5ViYb02ffw4ignHNHa5IBtPjmbKstmtKa8X6C35iWwK4HaqvrzG9w=="],

    "hono-openapi": ["hono-openapi@1.0.8", "", { "peerDependencies": { "@hono/standard-validator": "^0.1.2", "@standard-community/standard-json": "^0.3.1", "@standard-community/standard-openapi": "^0.2.4", "@types/json-schema": "^7.0.15", "hono": "^4.8.3", "openapi-types": "^12.1.3" }, "optionalPeers": ["@hono/standard-validator", "hono"] }, "sha512-JjSdT4sNUgxQGgwO90boRLfnrVYp3ge+Y/vHqPMJrAZuaIhKekAVipoeJ8AgpTyK+ZaxPzqdcmDBA9L+Ce3X9Q=="],

    "hono-pino": ["hono-pino@0.10.2", "", { "dependencies": { "defu": "^6.1.4" }, "peerDependencies": { "hono": ">=4.0.0", "pino": ">=7.1.0" } }, "sha512-h8h4jODUoWdY7n7J1GsOO5Szpf0KH0+bdh8inJVTFrud/R/cxNjKty/pEaJIYSY9+enP0dfAiY+gjXTEFkARYg=="],

    "json-schema": ["json-schema@0.4.0", "", {}, "sha512-es94M3nTIfsEPisRafak+HDLfHXnKBhV3vU5eqPcS3flIWqcxJWgXHXiey3YrpaNsanY5ei1VoYEbOzijuq9BA=="],

    "nanoid": ["nanoid@5.1.5", "", { "bin": { "nanoid": "bin/nanoid.js" } }, "sha512-Ir/+ZpE9fDsNH0hQ3C68uyThDXzYcim2EqcZ8zn8Chtt1iylPT9xXJB0kPCnqzgcEGikO9RxSrh63MsmVCU7Fw=="],

    "on-exit-leak-free": ["on-exit-leak-free@2.1.2", "", {}, "sha512-0eJJY6hXLGf1udHwfNftBqH+g73EU4B504nZeKpz1sYRKafAghwxEJunB2O7rDZkL4PGfsMVnTXZ2EjibbqcsA=="],

    "openapi-types": ["openapi-types@12.1.3", "", {}, "sha512-N4YtSYJqghVu4iek2ZUvcN/0aqH1kRDuNqzcycDxhOUpg7GdvLa2F3DgS6yBNhInhv2r/6I0Flkn7CqL8+nIcw=="],

    "p-limit": ["p-limit@7.1.1", "", { "dependencies": { "yocto-queue": "^1.2.1" } }, "sha512-i8PyM2JnsNChVSYWLr2BAjNoLi0BAYC+wecOnZnVV+YSNJkzP7cWmvI34dk0WArWfH9KwBHNoZI3P3MppImlIA=="],

    "pino": ["pino@9.12.0", "", { "dependencies": { "atomic-sleep": "^1.0.0", "on-exit-leak-free": "^2.1.0", "pino-abstract-transport": "^2.0.0", "pino-std-serializers": "^7.0.0", "process-warning": "^5.0.0", "quick-format-unescaped": "^4.0.3", "real-require": "^0.2.0", "safe-stable-stringify": "^2.3.1", "slow-redact": "^0.3.0", "sonic-boom": "^4.0.1", "thread-stream": "^3.0.0" }, "bin": { "pino": "bin.js" } }, "sha512-0Gd0OezGvqtqMwgYxpL7P0pSHHzTJ0Lx992h+mNlMtRVfNnqweWmf0JmRWk5gJzHalyd2mxTzKjhiNbGS2Ztfw=="],

    "pino-abstract-transport": ["pino-abstract-transport@2.0.0", "", { "dependencies": { "split2": "^4.0.0" } }, "sha512-F63x5tizV6WCh4R6RHyi2Ml+M70DNRXt/+HANowMflpgGFMAym/VKm6G7ZOQRjqN7XbGxK1Lg9t6ZrtzOaivMw=="],

    "pino-http": ["pino-http@10.5.0", "", { "dependencies": { "get-caller-file": "^2.0.5", "pino": "^9.0.0", "pino-std-serializers": "^7.0.0", "process-warning": "^5.0.0" } }, "sha512-hD91XjgaKkSsdn8P7LaebrNzhGTdB086W3pyPihX0EzGPjq5uBJBXo4N5guqNaK6mUjg9aubMF7wDViYek9dRA=="],

    "pino-std-serializers": ["pino-std-serializers@7.0.0", "", {}, "sha512-e906FRY0+tV27iq4juKzSYPbUj2do2X2JX4EzSca1631EB2QJQUqGbDuERal7LCtOpxl6x3+nvo9NPZcmjkiFA=="],

    "process-warning": ["process-warning@5.0.0", "", {}, "sha512-a39t9ApHNx2L4+HBnQKqxxHNs1r7KF+Intd8Q/g1bUh6q0WIp9voPXJ/x0j+ZL45KF1pJd9+q2jLIRMfvEshkA=="],

    "quansync": ["quansync@0.2.11", "", {}, "sha512-AifT7QEbW9Nri4tAwR5M/uzpBuqfZf+zwaEM/QkzEjj7NBuFD2rBuy0K3dE+8wltbezDV7JMA0WfnCPYRSYbXA=="],

    "quick-format-unescaped": ["quick-format-unescaped@4.0.4", "", {}, "sha512-tYC1Q1hgyRuHgloV/YXs2w15unPVh8qfu/qCTfhTYamaw7fyhumKa2yGpdSo87vY32rIclj+4fWYQXUMs9EHvg=="],

    "real-require": ["real-require@0.2.0", "", {}, "sha512-57frrGM/OCTLqLOAh0mhVA9VBMHd+9U7Zb2THMGdBUoZVOtGbJzjxsYGDJ3A9AYYCP4hn6y1TVbaOfzWtm5GFg=="],

    "safe-stable-stringify": ["safe-stable-stringify@2.5.0", "", {}, "sha512-b3rppTKm9T+PsVCBEOUR46GWI7fdOs00VKZ1+9c1EWDaDMvjQc6tUwuFyIprgGgTcWoVHSKrU8H31ZHA2e0RHA=="],

    "slow-redact": ["slow-redact@0.3.0", "", {}, "sha512-cf723wn9JeRIYP9tdtd86GuqoR5937u64Io+CYjlm2i7jvu7g0H+Cp0l0ShAf/4ZL+ISUTVT+8Qzz7RZmp9FjA=="],

    "sonic-boom": ["sonic-boom@4.2.0", "", { "dependencies": { "atomic-sleep": "^1.0.0" } }, "sha512-INb7TM37/mAcsGmc9hyyI6+QR3rR1zVRu36B0NeGXKnOOLiZOfER5SA+N7X7k3yUYRzLWafduTDvJAfDswwEww=="],

    "split2": ["split2@4.2.0", "", {}, "sha512-UcjcJOWknrNkF6PLX83qcHM6KHgVKNkV62Y8a5uYDVv9ydGQVwAHMKqHdJje1VTWpljG0WYpCDhrCdAOYH4TWg=="],

    "strnum": ["strnum@2.1.1", "", {}, "sha512-7ZvoFTiCnGxBtDqJ//Cu6fWtZtc7Y3x+QOirG15wztbdngGSkht27o2pyGWrVy0b4WAy3jbKmnoK6g5VlVNUUw=="],

    "thread-stream": ["thread-stream@3.1.0", "", { "dependencies": { "real-require": "^0.2.0" } }, "sha512-OqyPZ9u96VohAyMfJykzmivOrY2wfMSf3C5TtFJVgN+Hm6aj+voFhlK+kZEIv2FBh1X6Xp3DlnCOfEQ3B2J86A=="],

    "tiny-invariant": ["tiny-invariant@1.3.3", "", {}, "sha512-+FbBPE1o9QAYvviau/qC5SE3caw21q3xkvWKBtja5vgqOWIHHJ3ioaq1VPfn/Szqctz2bU/oYeKd9/z5BL+PVg=="],

    "tslib": ["tslib@2.8.1", "", {}, "sha512-oJFu94HQb+KVduSUQL7wnpmqnfmLsOA/nAh6b6EH0wCEoK0/mPeXU6c3wKDV83MkOuHPRHtSXKKU99IBazS/2w=="],

    "undici-types": ["undici-types@7.12.0", "", {}, "sha512-goOacqME2GYyOZZfb5Lgtu+1IDmAlAEu5xnD3+xTzS10hT0vzpf0SPjkXwAw9Jm+4n/mQGDP3LO8CPbYROeBfQ=="],

    "yocto-queue": ["yocto-queue@1.2.1", "", {}, "sha512-AyeEbWOu/TAXdxlV9wmGcR0+yh2j3vYPGOECcIj2S7MkrLyC7ne+oye2BKTItt0ii2PHk4cDy+95+LshzbXnGg=="],

    "zod": ["zod@4.1.9", "", {}, "sha512-HI32jTq0AUAC125z30E8bQNz0RQ+9Uc+4J7V97gLYjZVKRjeydPgGt6dvQzFrav7MYOUGFqqOGiHpA/fdbd0cQ=="],

    "zod-to-json-schema": ["zod-to-json-schema@3.24.6", "", { "peerDependencies": { "zod": "^3.24.1" } }, "sha512-h/z3PKvcTcTetyjl1fkj79MHNEjm+HpD6NXheWjzOekY7kV+lwDYnHw+ivHkijnCSMz1yJaWBD9vu/Fcmk+vEg=="],

    "@ai-sdk/gateway/@ai-sdk/provider": ["@ai-sdk/provider@2.0.0-beta.2", "", { "dependencies": { "json-schema": "^0.4.0" } }, "sha512-vqhtZA7R24q1XnmfmIb1fZSmHMIaJH1BVQ+0kFnNJgqWsc+V8i+yfetZ37gUc4fXATFmBuS/6O7+RPoHsZ2Fqg=="],

    "@ai-sdk/gateway/@ai-sdk/provider-utils": ["@ai-sdk/provider-utils@3.0.0-beta.10", "", { "dependencies": { "@ai-sdk/provider": "2.0.0-beta.2", "@standard-schema/spec": "^1.0.0", "eventsource-parser": "^3.0.3", "zod-to-json-schema": "^3.24.1" }, "peerDependencies": { "zod": "^3.25.76 || ^4" } }, "sha512-e6WSsgM01au04/1L/v5daXHn00eKjPBQXl3jq3BfvQbQ1jo8Rls2pvrdkyVc25jBW4TV4Zm+tw+v6NAh5NPXMA=="],

    "@ai-sdk/openai/@ai-sdk/provider": ["@ai-sdk/provider@2.0.0-beta.2", "", { "dependencies": { "json-schema": "^0.4.0" } }, "sha512-vqhtZA7R24q1XnmfmIb1fZSmHMIaJH1BVQ+0kFnNJgqWsc+V8i+yfetZ37gUc4fXATFmBuS/6O7+RPoHsZ2Fqg=="],

    "@ai-sdk/openai/@ai-sdk/provider-utils": ["@ai-sdk/provider-utils@3.0.0-beta.10", "", { "dependencies": { "@ai-sdk/provider": "2.0.0-beta.2", "@standard-schema/spec": "^1.0.0", "eventsource-parser": "^3.0.3", "zod-to-json-schema": "^3.24.1" }, "peerDependencies": { "zod": "^3.25.76 || ^4" } }, "sha512-e6WSsgM01au04/1L/v5daXHn00eKjPBQXl3jq3BfvQbQ1jo8Rls2pvrdkyVc25jBW4TV4Zm+tw+v6NAh5NPXMA=="],

    "@aws-crypto/sha256-browser/@smithy/util-utf8": ["@smithy/util-utf8@2.3.0", "", { "dependencies": { "@smithy/util-buffer-from": "^2.2.0", "tslib": "^2.6.2" } }, "sha512-R8Rdn8Hy72KKcebgLiv8jQcQkXoLMOGGv5uI1/k0l+snqkOzQ1R0ChUBCxWMlBsFMekWjq0wRudIweFs7sKT5A=="],

    "@aws-crypto/util/@smithy/util-utf8": ["@smithy/util-utf8@2.3.0", "", { "dependencies": { "@smithy/util-buffer-from": "^2.2.0", "tslib": "^2.6.2" } }, "sha512-R8Rdn8Hy72KKcebgLiv8jQcQkXoLMOGGv5uI1/k0l+snqkOzQ1R0ChUBCxWMlBsFMekWjq0wRudIweFs7sKT5A=="],

    "@scalar/openapi-types/zod": ["zod@3.24.1", "", {}, "sha512-muH7gBL9sI1nciMZV67X5fTKKBLtwpZ5VBp1vsOQzj1MhrBZ4wlVCm3gedKZWLp0Oyel8sIGfeiz54Su+OVT+A=="],

    "@scalar/types/zod": ["zod@3.24.1", "", {}, "sha512-muH7gBL9sI1nciMZV67X5fTKKBLtwpZ5VBp1vsOQzj1MhrBZ4wlVCm3gedKZWLp0Oyel8sIGfeiz54Su+OVT+A=="],

    "ai/@ai-sdk/provider": ["@ai-sdk/provider@2.0.0-beta.2", "", { "dependencies": { "json-schema": "^0.4.0" } }, "sha512-vqhtZA7R24q1XnmfmIb1fZSmHMIaJH1BVQ+0kFnNJgqWsc+V8i+yfetZ37gUc4fXATFmBuS/6O7+RPoHsZ2Fqg=="],

    "ai/@ai-sdk/provider-utils": ["@ai-sdk/provider-utils@3.0.0-beta.10", "", { "dependencies": { "@ai-sdk/provider": "2.0.0-beta.2", "@standard-schema/spec": "^1.0.0", "eventsource-parser": "^3.0.3", "zod-to-json-schema": "^3.24.1" }, "peerDependencies": { "zod": "^3.25.76 || ^4" } }, "sha512-e6WSsgM01au04/1L/v5daXHn00eKjPBQXl3jq3BfvQbQ1jo8Rls2pvrdkyVc25jBW4TV4Zm+tw+v6NAh5NPXMA=="],

    "pino-http/pino": ["pino@9.10.0", "", { "dependencies": { "atomic-sleep": "^1.0.0", "fast-redact": "^3.1.1", "on-exit-leak-free": "^2.1.0", "pino-abstract-transport": "^2.0.0", "pino-std-serializers": "^7.0.0", "process-warning": "^5.0.0", "quick-format-unescaped": "^4.0.3", "real-require": "^0.2.0", "safe-stable-stringify": "^2.3.1", "sonic-boom": "^4.0.1", "thread-stream": "^3.0.0" }, "bin": { "pino": "bin.js" } }, "sha512-VOFxoNnxICtxaN8S3E73pR66c5MTFC+rwRcNRyHV/bV/c90dXvJqMfjkeRFsGBDXmlUN3LccJQPqGIufnaJePA=="],

    "@aws-crypto/sha256-browser/@smithy/util-utf8/@smithy/util-buffer-from": ["@smithy/util-buffer-from@2.2.0", "", { "dependencies": { "@smithy/is-array-buffer": "^2.2.0", "tslib": "^2.6.2" } }, "sha512-IJdWBbTcMQ6DA0gdNhh/BwrLkDR+ADW5Kr1aZmd4k3DIF6ezMV4R2NIAmT08wQJ3yUK82thHWmC/TnK/wpMMIA=="],

    "@aws-crypto/util/@smithy/util-utf8/@smithy/util-buffer-from": ["@smithy/util-buffer-from@2.2.0", "", { "dependencies": { "@smithy/is-array-buffer": "^2.2.0", "tslib": "^2.6.2" } }, "sha512-IJdWBbTcMQ6DA0gdNhh/BwrLkDR+ADW5Kr1aZmd4k3DIF6ezMV4R2NIAmT08wQJ3yUK82thHWmC/TnK/wpMMIA=="],

    "@aws-crypto/sha256-browser/@smithy/util-utf8/@smithy/util-buffer-from/@smithy/is-array-buffer": ["@smithy/is-array-buffer@2.2.0", "", { "dependencies": { "tslib": "^2.6.2" } }, "sha512-GGP3O9QFD24uGeAXYUjwSTXARoqpZykHadOmA8G5vfJPK0/DC67qa//0qvqrJzL1xc8WQWX7/yc7fwudjPHPhA=="],

    "@aws-crypto/util/@smithy/util-utf8/@smithy/util-buffer-from/@smithy/is-array-buffer": ["@smithy/is-array-buffer@2.2.0", "", { "dependencies": { "tslib": "^2.6.2" } }, "sha512-GGP3O9QFD24uGeAXYUjwSTXARoqpZykHadOmA8G5vfJPK0/DC67qa//0qvqrJzL1xc8WQWX7/yc7fwudjPHPhA=="],
  }
}
